// !$*UTF8*$!
{
	archiveVersion = 1;
	classes = {
	};
	objectVersion = 50;
	objects = {

/* Begin PBXBuildFile section */
		3D70FC41251F742C007C5AB9 /* AppDelegate.swift in Sources */ = {isa = PBXBuildFile; fileRef = 3D70FC40251F742C007C5AB9 /* AppDelegate.swift */; };
		3D70FC43251F742C007C5AB9 /* ViewController.swift in Sources */ = {isa = PBXBuildFile; fileRef = 3D70FC42251F742C007C5AB9 /* ViewController.swift */; };
		3D70FC46251F742C007C5AB9 /* Main.storyboard in Resources */ = {isa = PBXBuildFile; fileRef = 3D70FC44251F742C007C5AB9 /* Main.storyboard */; };
		3D70FC49251F742C007C5AB9 /* TheMovieDB.xcdatamodeld in Sources */ = {isa = PBXBuildFile; fileRef = 3D70FC47251F742C007C5AB9 /* TheMovieDB.xcdatamodeld */; };
		3D70FC4B251F742F007C5AB9 /* Assets.xcassets in Resources */ = {isa = PBXBuildFile; fileRef = 3D70FC4A251F742F007C5AB9 /* Assets.xcassets */; };
		3D70FC4E251F742F007C5AB9 /* LaunchScreen.storyboard in Resources */ = {isa = PBXBuildFile; fileRef = 3D70FC4C251F742F007C5AB9 /* LaunchScreen.storyboard */; };
		3D70FC59251F742F007C5AB9 /* TheMovieDBTests.swift in Sources */ = {isa = PBXBuildFile; fileRef = 3D70FC58251F742F007C5AB9 /* TheMovieDBTests.swift */; };
		3D70FC64251F742F007C5AB9 /* TheMovieDBUITests.swift in Sources */ = {isa = PBXBuildFile; fileRef = 3D70FC63251F742F007C5AB9 /* TheMovieDBUITests.swift */; };
/* End PBXBuildFile section */

/* Begin PBXContainerItemProxy section */
		3D70FC55251F742F007C5AB9 /* PBXContainerItemProxy */ = {
			isa = PBXContainerItemProxy;
			containerPortal = 3D70FC35251F742C007C5AB9 /* Project object */;
			proxyType = 1;
			remoteGlobalIDString = 3D70FC3C251F742C007C5AB9;
			remoteInfo = TheMovieDB;
		};
		3D70FC60251F742F007C5AB9 /* PBXContainerItemProxy */ = {
			isa = PBXContainerItemProxy;
			containerPortal = 3D70FC35251F742C007C5AB9 /* Project object */;
			proxyType = 1;
			remoteGlobalIDString = 3D70FC3C251F742C007C5AB9;
			remoteInfo = TheMovieDB;
		};
/* End PBXContainerItemProxy section */

/* Begin PBXFileReference section */
		3D70FC3D251F742C007C5AB9 /* TheMovieDB.app */ = {isa = PBXFileReference; explicitFileType = wrapper.application; includeInIndex = 0; path = TheMovieDB.app; sourceTree = BUILT_PRODUCTS_DIR; };
		3D70FC40251F742C007C5AB9 /* AppDelegate.swift */ = {isa = PBXFileReference; lastKnownFileType = sourcecode.swift; path = AppDelegate.swift; sourceTree = "<group>"; };
		3D70FC42251F742C007C5AB9 /* ViewController.swift */ = {isa = PBXFileReference; lastKnownFileType = sourcecode.swift; path = ViewController.swift; sourceTree = "<group>"; };
		3D70FC45251F742C007C5AB9 /* Base */ = {isa = PBXFileReference; lastKnownFileType = file.storyboard; name = Base; path = Base.lproj/Main.storyboard; sourceTree = "<group>"; };
		3D70FC48251F742C007C5AB9 /* TheMovieDB.xcdatamodel */ = {isa = PBXFileReference; lastKnownFileType = wrapper.xcdatamodel; path = TheMovieDB.xcdatamodel; sourceTree = "<group>"; };
		3D70FC4A251F742F007C5AB9 /* Assets.xcassets */ = {isa = PBXFileReference; lastKnownFileType = folder.assetcatalog; path = Assets.xcassets; sourceTree = "<group>"; };
		3D70FC4D251F742F007C5AB9 /* Base */ = {isa = PBXFileReference; lastKnownFileType = file.storyboard; name = Base; path = Base.lproj/LaunchScreen.storyboard; sourceTree = "<group>"; };
		3D70FC4F251F742F007C5AB9 /* Info.plist */ = {isa = PBXFileReference; lastKnownFileType = text.plist.xml; path = Info.plist; sourceTree = "<group>"; };
		3D70FC54251F742F007C5AB9 /* TheMovieDBTests.xctest */ = {isa = PBXFileReference; explicitFileType = wrapper.cfbundle; includeInIndex = 0; path = TheMovieDBTests.xctest; sourceTree = BUILT_PRODUCTS_DIR; };
		3D70FC58251F742F007C5AB9 /* TheMovieDBTests.swift */ = {isa = PBXFileReference; lastKnownFileType = sourcecode.swift; path = TheMovieDBTests.swift; sourceTree = "<group>"; };
		3D70FC5A251F742F007C5AB9 /* Info.plist */ = {isa = PBXFileReference; lastKnownFileType = text.plist.xml; path = Info.plist; sourceTree = "<group>"; };
		3D70FC5F251F742F007C5AB9 /* TheMovieDBUITests.xctest */ = {isa = PBXFileReference; explicitFileType = wrapper.cfbundle; includeInIndex = 0; path = TheMovieDBUITests.xctest; sourceTree = BUILT_PRODUCTS_DIR; };
		3D70FC63251F742F007C5AB9 /* TheMovieDBUITests.swift */ = {isa = PBXFileReference; lastKnownFileType = sourcecode.swift; path = TheMovieDBUITests.swift; sourceTree = "<group>"; };
		3D70FC65251F742F007C5AB9 /* Info.plist */ = {isa = PBXFileReference; lastKnownFileType = text.plist.xml; path = Info.plist; sourceTree = "<group>"; };
/* End PBXFileReference section */

/* Begin PBXFrameworksBuildPhase section */
		3D70FC3A251F742C007C5AB9 /* Frameworks */ = {
			isa = PBXFrameworksBuildPhase;
			buildActionMask = 2147483647;
			files = (
			);
			runOnlyForDeploymentPostprocessing = 0;
		};
		3D70FC51251F742F007C5AB9 /* Frameworks */ = {
			isa = PBXFrameworksBuildPhase;
			buildActionMask = 2147483647;
			files = (
			);
			runOnlyForDeploymentPostprocessing = 0;
		};
		3D70FC5C251F742F007C5AB9 /* Frameworks */ = {
			isa = PBXFrameworksBuildPhase;
			buildActionMask = 2147483647;
			files = (
			);
			runOnlyForDeploymentPostprocessing = 0;
		};
/* End PBXFrameworksBuildPhase section */

/* Begin PBXGroup section */
		3D70FC34251F742C007C5AB9 = {
			isa = PBXGroup;
			children = (
				3D70FC3F251F742C007C5AB9 /* TheMovieDB */,
				3D70FC57251F742F007C5AB9 /* TheMovieDBTests */,
				3D70FC62251F742F007C5AB9 /* TheMovieDBUITests */,
				3D70FC3E251F742C007C5AB9 /* Products */,
			);
			sourceTree = "<group>";
		};
		3D70FC3E251F742C007C5AB9 /* Products */ = {
			isa = PBXGroup;
			children = (
				3D70FC3D251F742C007C5AB9 /* TheMovieDB.app */,
				3D70FC54251F742F007C5AB9 /* TheMovieDBTests.xctest */,
				3D70FC5F251F742F007C5AB9 /* TheMovieDBUITests.xctest */,
			);
			name = Products;
			sourceTree = "<group>";
		};
		3D70FC3F251F742C007C5AB9 /* TheMovieDB */ = {
			isa = PBXGroup;
			children = (
				3D70FC40251F742C007C5AB9 /* AppDelegate.swift */,
				3D70FC42251F742C007C5AB9 /* ViewController.swift */,
				3D70FC44251F742C007C5AB9 /* Main.storyboard */,
				3D70FC4A251F742F007C5AB9 /* Assets.xcassets */,
				3D70FC4C251F742F007C5AB9 /* LaunchScreen.storyboard */,
				3D70FC4F251F742F007C5AB9 /* Info.plist */,
				3D70FC47251F742C007C5AB9 /* TheMovieDB.xcdatamodeld */,
			);
			path = TheMovieDB;
			sourceTree = "<group>";
		};
		3D70FC57251F742F007C5AB9 /* TheMovieDBTests */ = {
			isa = PBXGroup;
			children = (
				3D70FC58251F742F007C5AB9 /* TheMovieDBTests.swift */,
				3D70FC5A251F742F007C5AB9 /* Info.plist */,
			);
			path = TheMovieDBTests;
			sourceTree = "<group>";
		};
		3D70FC62251F742F007C5AB9 /* TheMovieDBUITests */ = {
			isa = PBXGroup;
			children = (
				3D70FC63251F742F007C5AB9 /* TheMovieDBUITests.swift */,
				3D70FC65251F742F007C5AB9 /* Info.plist */,
			);
			path = TheMovieDBUITests;
			sourceTree = "<group>";
		};
/* End PBXGroup section */

/* Begin PBXNativeTarget section */
		3D70FC3C251F742C007C5AB9 /* TheMovieDB */ = {
			isa = PBXNativeTarget;
			buildConfigurationList = 3D70FC68251F742F007C5AB9 /* Build configuration list for PBXNativeTarget "TheMovieDB" */;
			buildPhases = (
				3D70FC39251F742C007C5AB9 /* Sources */,
				3D70FC3A251F742C007C5AB9 /* Frameworks */,
				3D70FC3B251F742C007C5AB9 /* Resources */,
			);
			buildRules = (
			);
			dependencies = (
			);
			name = TheMovieDB;
			productName = TheMovieDB;
			productReference = 3D70FC3D251F742C007C5AB9 /* TheMovieDB.app */;
			productType = "com.apple.product-type.application";
		};
		3D70FC53251F742F007C5AB9 /* TheMovieDBTests */ = {
			isa = PBXNativeTarget;
			buildConfigurationList = 3D70FC6B251F742F007C5AB9 /* Build configuration list for PBXNativeTarget "TheMovieDBTests" */;
			buildPhases = (
				3D70FC50251F742F007C5AB9 /* Sources */,
				3D70FC51251F742F007C5AB9 /* Frameworks */,
				3D70FC52251F742F007C5AB9 /* Resources */,
			);
			buildRules = (
			);
			dependencies = (
				3D70FC56251F742F007C5AB9 /* PBXTargetDependency */,
			);
			name = TheMovieDBTests;
			productName = TheMovieDBTests;
			productReference = 3D70FC54251F742F007C5AB9 /* TheMovieDBTests.xctest */;
			productType = "com.apple.product-type.bundle.unit-test";
		};
		3D70FC5E251F742F007C5AB9 /* TheMovieDBUITests */ = {
			isa = PBXNativeTarget;
			buildConfigurationList = 3D70FC6E251F742F007C5AB9 /* Build configuration list for PBXNativeTarget "TheMovieDBUITests" */;
			buildPhases = (
				3D70FC5B251F742F007C5AB9 /* Sources */,
				3D70FC5C251F742F007C5AB9 /* Frameworks */,
				3D70FC5D251F742F007C5AB9 /* Resources */,
			);
			buildRules = (
			);
			dependencies = (
				3D70FC61251F742F007C5AB9 /* PBXTargetDependency */,
			);
			name = TheMovieDBUITests;
			productName = TheMovieDBUITests;
			productReference = 3D70FC5F251F742F007C5AB9 /* TheMovieDBUITests.xctest */;
			productType = "com.apple.product-type.bundle.ui-testing";
		};
/* End PBXNativeTarget section */

/* Begin PBXProject section */
		3D70FC35251F742C007C5AB9 /* Project object */ = {
			isa = PBXProject;
			attributes = {
				LastSwiftUpdateCheck = 1030;
				LastUpgradeCheck = 1030;
				ORGANIZATIONNAME = william;
				TargetAttributes = {
					3D70FC3C251F742C007C5AB9 = {
						CreatedOnToolsVersion = 10.3;
					};
					3D70FC53251F742F007C5AB9 = {
						CreatedOnToolsVersion = 10.3;
						TestTargetID = 3D70FC3C251F742C007C5AB9;
					};
					3D70FC5E251F742F007C5AB9 = {
						CreatedOnToolsVersion = 10.3;
						TestTargetID = 3D70FC3C251F742C007C5AB9;
					};
				};
			};
			buildConfigurationList = 3D70FC38251F742C007C5AB9 /* Build configuration list for PBXProject "TheMovieDB" */;
			compatibilityVersion = "Xcode 9.3";
			developmentRegion = en;
			hasScannedForEncodings = 0;
			knownRegions = (
				en,
				Base,
			);
			mainGroup = 3D70FC34251F742C007C5AB9;
			productRefGroup = 3D70FC3E251F742C007C5AB9 /* Products */;
			projectDirPath = "";
			projectRoot = "";
			targets = (
				3D70FC3C251F742C007C5AB9 /* TheMovieDB */,
				3D70FC53251F742F007C5AB9 /* TheMovieDBTests */,
				3D70FC5E251F742F007C5AB9 /* TheMovieDBUITests */,
			);
		};
/* End PBXProject section */

/* Begin PBXResourcesBuildPhase section */
		3D70FC3B251F742C007C5AB9 /* Resources */ = {
			isa = PBXResourcesBuildPhase;
			buildActionMask = 2147483647;
			files = (
				3D70FC4E251F742F007C5AB9 /* LaunchScreen.storyboard in Resources */,
				3D70FC4B251F742F007C5AB9 /* Assets.xcassets in Resources */,
				3D70FC46251F742C007C5AB9 /* Main.storyboard in Resources */,
			);
			runOnlyForDeploymentPostprocessing = 0;
		};
		3D70FC52251F742F007C5AB9 /* Resources */ = {
			isa = PBXResourcesBuildPhase;
			buildActionMask = 2147483647;
			files = (
			);
			runOnlyForDeploymentPostprocessing = 0;
		};
		3D70FC5D251F742F007C5AB9 /* Resources */ = {
			isa = PBXResourcesBuildPhase;
			buildActionMask = 2147483647;
			files = (
			);
			runOnlyForDeploymentPostprocessing = 0;
		};
/* End PBXResourcesBuildPhase section */

/* Begin PBXSourcesBuildPhase section */
		3D70FC39251F742C007C5AB9 /* Sources */ = {
			isa = PBXSourcesBuildPhase;
			buildActionMask = 2147483647;
			files = (
				3D70FC43251F742C007C5AB9 /* ViewController.swift in Sources */,
				3D70FC49251F742C007C5AB9 /* TheMovieDB.xcdatamodeld in Sources */,
				3D70FC41251F742C007C5AB9 /* AppDelegate.swift in Sources */,
			);
			runOnlyForDeploymentPostprocessing = 0;
		};
		3D70FC50251F742F007C5AB9 /* Sources */ = {
			isa = PBXSourcesBuildPhase;
			buildActionMask = 2147483647;
			files = (
				3D70FC59251F742F007C5AB9 /* TheMovieDBTests.swift in Sources */,
			);
			runOnlyForDeploymentPostprocessing = 0;
		};
		3D70FC5B251F742F007C5AB9 /* Sources */ = {
			isa = PBXSourcesBuildPhase;
			buildActionMask = 2147483647;
			files = (
				3D70FC64251F742F007C5AB9 /* TheMovieDBUITests.swift in Sources */,
			);
			runOnlyForDeploymentPostprocessing = 0;
		};
/* End PBXSourcesBuildPhase section */

/* Begin PBXTargetDependency section */
		3D70FC56251F742F007C5AB9 /* PBXTargetDependency */ = {
			isa = PBXTargetDependency;
			target = 3D70FC3C251F742C007C5AB9 /* TheMovieDB */;
			targetProxy = 3D70FC55251F742F007C5AB9 /* PBXContainerItemProxy */;
		};
		3D70FC61251F742F007C5AB9 /* PBXTargetDependency */ = {
			isa = PBXTargetDependency;
			target = 3D70FC3C251F742C007C5AB9 /* TheMovieDB */;
			targetProxy = 3D70FC60251F742F007C5AB9 /* PBXContainerItemProxy */;
		};
/* End PBXTargetDependency section */

/* Begin PBXVariantGroup section */
		3D70FC44251F742C007C5AB9 /* Main.storyboard */ = {
			isa = PBXVariantGroup;
			children = (
				3D70FC45251F742C007C5AB9 /* Base */,
			);
			name = Main.storyboard;
			sourceTree = "<group>";
		};
		3D70FC4C251F742F007C5AB9 /* LaunchScreen.storyboard */ = {
			isa = PBXVariantGroup;
			children = (
				3D70FC4D251F742F007C5AB9 /* Base */,
			);
			name = LaunchScreen.storyboard;
			sourceTree = "<group>";
		};
/* End PBXVariantGroup section */

/* Begin XCBuildConfiguration section */
		3D70FC66251F742F007C5AB9 /* Debug */ = {
			isa = XCBuildConfiguration;
			buildSettings = {
				ALWAYS_SEARCH_USER_PATHS = NO;
				CLANG_ANALYZER_NONNULL = YES;
				CLANG_ANALYZER_NUMBER_OBJECT_CONVERSION = YES_AGGRESSIVE;
				CLANG_CXX_LANGUAGE_STANDARD = "gnu++14";
				CLANG_CXX_LIBRARY = "libc++";
				CLANG_ENABLE_MODULES = YES;
				CLANG_ENABLE_OBJC_ARC = YES;
				CLANG_ENABLE_OBJC_WEAK = YES;
				CLANG_WARN_BLOCK_CAPTURE_AUTORELEASING = YES;
				CLANG_WARN_BOOL_CONVERSION = YES;
				CLANG_WARN_COMMA = YES;
				CLANG_WARN_CONSTANT_CONVERSION = YES;
				CLANG_WARN_DEPRECATED_OBJC_IMPLEMENTATIONS = YES;
				CLANG_WARN_DIRECT_OBJC_ISA_USAGE = YES_ERROR;
				CLANG_WARN_DOCUMENTATION_COMMENTS = YES;
				CLANG_WARN_EMPTY_BODY = YES;
				CLANG_WARN_ENUM_CONVERSION = YES;
				CLANG_WARN_INFINITE_RECURSION = YES;
				CLANG_WARN_INT_CONVERSION = YES;
				CLANG_WARN_NON_LITERAL_NULL_CONVERSION = YES;
				CLANG_WARN_OBJC_IMPLICIT_RETAIN_SELF = YES;
				CLANG_WARN_OBJC_LITERAL_CONVERSION = YES;
				CLANG_WARN_OBJC_ROOT_CLASS = YES_ERROR;
				CLANG_WARN_RANGE_LOOP_ANALYSIS = YES;
				CLANG_WARN_STRICT_PROTOTYPES = YES;
				CLANG_WARN_SUSPICIOUS_MOVE = YES;
				CLANG_WARN_UNGUARDED_AVAILABILITY = YES_AGGRESSIVE;
				CLANG_WARN_UNREACHABLE_CODE = YES;
				CLANG_WARN__DUPLICATE_METHOD_MATCH = YES;
				CODE_SIGN_IDENTITY = "iPhone Developer";
				COPY_PHASE_STRIP = NO;
				DEBUG_INFORMATION_FORMAT = dwarf;
				ENABLE_STRICT_OBJC_MSGSEND = YES;
				ENABLE_TESTABILITY = YES;
				GCC_C_LANGUAGE_STANDARD = gnu11;
				GCC_DYNAMIC_NO_PIC = NO;
				GCC_NO_COMMON_BLOCKS = YES;
				GCC_OPTIMIZATION_LEVEL = 0;
				GCC_PREPROCESSOR_DEFINITIONS = (
					"DEBUG=1",
					"$(inherited)",
				);
				GCC_WARN_64_TO_32_BIT_CONVERSION = YES;
				GCC_WARN_ABOUT_RETURN_TYPE = YES_ERROR;
				GCC_WARN_UNDECLARED_SELECTOR = YES;
				GCC_WARN_UNINITIALIZED_AUTOS = YES_AGGRESSIVE;
				GCC_WARN_UNUSED_FUNCTION = YES;
				GCC_WARN_UNUSED_VARIABLE = YES;
				IPHONEOS_DEPLOYMENT_TARGET = 12.4;
				MTL_ENABLE_DEBUG_INFO = INCLUDE_SOURCE;
				MTL_FAST_MATH = YES;
				ONLY_ACTIVE_ARCH = YES;
				SDKROOT = iphoneos;
				SWIFT_ACTIVE_COMPILATION_CONDITIONS = DEBUG;
				SWIFT_OPTIMIZATION_LEVEL = "-Onone";
			};
			name = Debug;
		};
		3D70FC67251F742F007C5AB9 /* Release */ = {
			isa = XCBuildConfiguration;
			buildSettings = {
				ALWAYS_SEARCH_USER_PATHS = NO;
				CLANG_ANALYZER_NONNULL = YES;
				CLANG_ANALYZER_NUMBER_OBJECT_CONVERSION = YES_AGGRESSIVE;
				CLANG_CXX_LANGUAGE_STANDARD = "gnu++14";
				CLANG_CXX_LIBRARY = "libc++";
				CLANG_ENABLE_MODULES = YES;
				CLANG_ENABLE_OBJC_ARC = YES;
				CLANG_ENABLE_OBJC_WEAK = YES;
				CLANG_WARN_BLOCK_CAPTURE_AUTORELEASING = YES;
				CLANG_WARN_BOOL_CONVERSION = YES;
				CLANG_WARN_COMMA = YES;
				CLANG_WARN_CONSTANT_CONVERSION = YES;
				CLANG_WARN_DEPRECATED_OBJC_IMPLEMENTATIONS = YES;
				CLANG_WARN_DIRECT_OBJC_ISA_USAGE = YES_ERROR;
				CLANG_WARN_DOCUMENTATION_COMMENTS = YES;
				CLANG_WARN_EMPTY_BODY = YES;
				CLANG_WARN_ENUM_CONVERSION = YES;
				CLANG_WARN_INFINITE_RECURSION = YES;
				CLANG_WARN_INT_CONVERSION = YES;
				CLANG_WARN_NON_LITERAL_NULL_CONVERSION = YES;
				CLANG_WARN_OBJC_IMPLICIT_RETAIN_SELF = YES;
				CLANG_WARN_OBJC_LITERAL_CONVERSION = YES;
				CLANG_WARN_OBJC_ROOT_CLASS = YES_ERROR;
				CLANG_WARN_RANGE_LOOP_ANALYSIS = YES;
				CLANG_WARN_STRICT_PROTOTYPES = YES;
				CLANG_WARN_SUSPICIOUS_MOVE = YES;
				CLANG_WARN_UNGUARDED_AVAILABILITY = YES_AGGRESSIVE;
				CLANG_WARN_UNREACHABLE_CODE = YES;
				CLANG_WARN__DUPLICATE_METHOD_MATCH = YES;
				CODE_SIGN_IDENTITY = "iPhone Developer";
				COPY_PHASE_STRIP = NO;
				DEBUG_INFORMATION_FORMAT = "dwarf-with-dsym";
				ENABLE_NS_ASSERTIONS = NO;
				ENABLE_STRICT_OBJC_MSGSEND = YES;
				GCC_C_LANGUAGE_STANDARD = gnu11;
				GCC_NO_COMMON_BLOCKS = YES;
				GCC_WARN_64_TO_32_BIT_CONVERSION = YES;
				GCC_WARN_ABOUT_RETURN_TYPE = YES_ERROR;
				GCC_WARN_UNDECLARED_SELECTOR = YES;
				GCC_WARN_UNINITIALIZED_AUTOS = YES_AGGRESSIVE;
				GCC_WARN_UNUSED_FUNCTION = YES;
				GCC_WARN_UNUSED_VARIABLE = YES;
				IPHONEOS_DEPLOYMENT_TARGET = 12.4;
				MTL_ENABLE_DEBUG_INFO = NO;
				MTL_FAST_MATH = YES;
				SDKROOT = iphoneos;
				SWIFT_COMPILATION_MODE = wholemodule;
				SWIFT_OPTIMIZATION_LEVEL = "-O";
				VALIDATE_PRODUCT = YES;
			};
			name = Release;
		};
		3D70FC69251F742F007C5AB9 /* Debug */ = {
			isa = XCBuildConfiguration;
			buildSettings = {
				ASSETCATALOG_COMPILER_APPICON_NAME = AppIcon;
				CODE_SIGN_STYLE = Automatic;
				DEVELOPMENT_TEAM = BY8P5XC76R;
				INFOPLIST_FILE = TheMovieDB/Info.plist;
				LD_RUNPATH_SEARCH_PATHS = (
					"$(inherited)",
					"@executable_path/Frameworks",
				);
				PRODUCT_BUNDLE_IDENTIFIER = com.william.TheMovieDB;
				PRODUCT_NAME = "$(TARGET_NAME)";
				SWIFT_VERSION = 5.0;
				TARGETED_DEVICE_FAMILY = "1,2";
			};
			name = Debug;
		};
		3D70FC6A251F742F007C5AB9 /* Release */ = {
			isa = XCBuildConfiguration;
			buildSettings = {
				ASSETCATALOG_COMPILER_APPICON_NAME = AppIcon;
				CODE_SIGN_STYLE = Automatic;
				DEVELOPMENT_TEAM = BY8P5XC76R;
				INFOPLIST_FILE = TheMovieDB/Info.plist;
				LD_RUNPATH_SEARCH_PATHS = (
					"$(inherited)",
					"@executable_path/Frameworks",
				);
				PRODUCT_BUNDLE_IDENTIFIER = com.william.TheMovieDB;
				PRODUCT_NAME = "$(TARGET_NAME)";
				SWIFT_VERSION = 5.0;
				TARGETED_DEVICE_FAMILY = "1,2";
			};
			name = Release;
		};
		3D70FC6C251F742F007C5AB9 /* Debug */ = {
			isa = XCBuildConfiguration;
			buildSettings = {
				ALWAYS_EMBED_SWIFT_STANDARD_LIBRARIES = YES;
				BUNDLE_LOADER = "$(TEST_HOST)";
				CODE_SIGN_STYLE = Automatic;
				DEVELOPMENT_TEAM = BY8P5XC76R;
				INFOPLIST_FILE = TheMovieDBTests/Info.plist;
				LD_RUNPATH_SEARCH_PATHS = (
					"$(inherited)",
					"@executable_path/Frameworks",
					"@loader_path/Frameworks",
				);
				PRODUCT_BUNDLE_IDENTIFIER = com.william.TheMovieDBTests;
				PRODUCT_NAME = "$(TARGET_NAME)";
				SWIFT_VERSION = 5.0;
				TARGETED_DEVICE_FAMILY = "1,2";
				TEST_HOST = "$(BUILT_PRODUCTS_DIR)/TheMovieDB.app/TheMovieDB";
			};
			name = Debug;
		};
		3D70FC6D251F742F007C5AB9 /* Release */ = {
			isa = XCBuildConfiguration;
			buildSettings = {
				ALWAYS_EMBED_SWIFT_STANDARD_LIBRARIES = YES;
				BUNDLE_LOADER = "$(TEST_HOST)";
				CODE_SIGN_STYLE = Automatic;
				DEVELOPMENT_TEAM = BY8P5XC76R;
				INFOPLIST_FILE = TheMovieDBTests/Info.plist;
				LD_RUNPATH_SEARCH_PATHS = (
					"$(inherited)",
					"@executable_path/Frameworks",
					"@loader_path/Frameworks",
				);
				PRODUCT_BUNDLE_IDENTIFIER = com.william.TheMovieDBTests;
				PRODUCT_NAME = "$(TARGET_NAME)";
				SWIFT_VERSION = 5.0;
				TARGETED_DEVICE_FAMILY = "1,2";
				TEST_HOST = "$(BUILT_PRODUCTS_DIR)/TheMovieDB.app/TheMovieDB";
			};
			name = Release;
		};
		3D70FC6F251F742F007C5AB9 /* Debug */ = {
			isa = XCBuildConfiguration;
			buildSettings = {
				ALWAYS_EMBED_SWIFT_STANDARD_LIBRARIES = YES;
				CODE_SIGN_STYLE = Automatic;
				DEVELOPMENT_TEAM = BY8P5XC76R;
				INFOPLIST_FILE = TheMovieDBUITests/Info.plist;
				LD_RUNPATH_SEARCH_PATHS = (
					"$(inherited)",
					"@executable_path/Frameworks",
					"@loader_path/Frameworks",
				);
				PRODUCT_BUNDLE_IDENTIFIER = com.william.TheMovieDBUITests;
				PRODUCT_NAME = "$(TARGET_NAME)";
				SWIFT_VERSION = 5.0;
				TARGETED_DEVICE_FAMILY = "1,2";
				TEST_TARGET_NAME = TheMovieDB;
			};
			name = Debug;
		};
		3D70FC70251F742F007C5AB9 /* Release */ = {
			isa = XCBuildConfiguration;
			buildSettings = {
				ALWAYS_EMBED_SWIFT_STANDARD_LIBRARIES = YES;
				CODE_SIGN_STYLE = Automatic;
				DEVELOPMENT_TEAM = BY8P5XC76R;
				INFOPLIST_FILE = TheMovieDBUITests/Info.plist;
				LD_RUNPATH_SEARCH_PATHS = (
					"$(inherited)",
					"@executable_path/Frameworks",
					"@loader_path/Frameworks",
				);
				PRODUCT_BUNDLE_IDENTIFIER = com.william.TheMovieDBUITests;
				PRODUCT_NAME = "$(TARGET_NAME)";
				SWIFT_VERSION = 5.0;
				TARGETED_DEVICE_FAMILY = "1,2";
				TEST_TARGET_NAME = TheMovieDB;
			};
			name = Release;
		};
/* End XCBuildConfiguration section */

/* Begin XCConfigurationList section */
		3D70FC38251F742C007C5AB9 /* Build configuration list for PBXProject "TheMovieDB" */ = {
			isa = XCConfigurationList;
			buildConfigurations = (
				3D70FC66251F742F007C5AB9 /* Debug */,
				3D70FC67251F742F007C5AB9 /* Release */,
			);
			defaultConfigurationIsVisible = 0;
			defaultConfigurationName = Release;
		};
		3D70FC68251F742F007C5AB9 /* Build configuration list for PBXNativeTarget "TheMovieDB" */ = {
			isa = XCConfigurationList;
			buildConfigurations = (
				3D70FC69251F742F007C5AB9 /* Debug */,
				3D70FC6A251F742F007C5AB9 /* Release */,
			);
			defaultConfigurationIsVisible = 0;
			defaultConfigurationName = Release;
		};
		3D70FC6B251F742F007C5AB9 /* Build configuration list for PBXNativeTarget "TheMovieDBTests" */ = {
			isa = XCConfigurationList;
			buildConfigurations = (
				3D70FC6C251F742F007C5AB9 /* Debug */,
				3D70FC6D251F742F007C5AB9 /* Release */,
			);
			defaultConfigurationIsVisible = 0;
			defaultConfigurationName = Release;
		};
		3D70FC6E251F742F007C5AB9 /* Build configuration list for PBXNativeTarget "TheMovieDBUITests" */ = {
			isa = XCConfigurationList;
			buildConfigurations = (
				3D70FC6F251F742F007C5AB9 /* Debug */,
				3D70FC70251F742F007C5AB9 /* Release */,
			);
			defaultConfigurationIsVisible = 0;
			defaultConfigurationName = Release;
		};
/* End XCConfigurationList section */

/* Begin XCVersionGroup section */
		3D70FC47251F742C007C5AB9 /* TheMovieDB.xcdatamodeld */ = {
			isa = XCVersionGroup;
			children = (
				3D70FC48251F742C007C5AB9 /* TheMovieDB.xcdatamodel */,
			);
			currentVersion = 3D70FC48251F742C007C5AB9 /* TheMovieDB.xcdatamodel */;
			path = TheMovieDB.xcdatamodeld;
			sourceTree = "<group>";
			versionGroupType = wrapper.xcdatamodel;
		};
/* End XCVersionGroup section */
	};
	rootObject = 3D70FC35251F742C007C5AB9 /* Project object */;
}
