PODS:
  - Alamofire (5.2.2)
  - Cleanse (4.2.6)

DEPENDENCIES:
  - Alamofire
  - Cleanse

SPEC REPOS:
  trunk:
    - Alamofire
    - Cleanse

SPEC CHECKSUMS:
  Alamofire: 814429acc853c6c54ff123fc3d2ef66803823ce0
  Cleanse: 6bfc62033dcc0e5ba7992f410a5352ddd1283551

PODFILE CHECKSUM: db0af16c64b8657e65334e778a007aa5e74c8459

COCOAPODS: 1.10.1
