// !$*UTF8*$!
{
	archiveVersion = 1;
	classes = {
	};
	objectVersion = 50;
	objects = {

/* Begin PBXBuildFile section */
		5C0E04079E68AB6AB3E9DFB5 /* Pods_MovieDB.framework in Frameworks */ = {isa = PBXBuildFile; fileRef = 132C30B69B01CBF527CDB660 /* Pods_MovieDB.framework */; };
		5E1265AC23D977AF00C32FEA /* ServiceError.swift in Sources */ = {isa = PBXBuildFile; fileRef = 5E1265AB23D977AF00C32FEA /* ServiceError.swift */; };
		5E1265B223D97DBD00C32FEA /* MoviePath.swift in Sources */ = {isa = PBXBuildFile; fileRef = 5E1265B123D97DBD00C32FEA /* MoviePath.swift */; };
		5E1265B423D97DF300C32FEA /* MovieSession.swift in Sources */ = {isa = PBXBuildFile; fileRef = 5E1265B323D97DF300C32FEA /* MovieSession.swift */; };
		5E1265B723D97F8400C32FEA /* MovieResponse.swift in Sources */ = {isa = PBXBuildFile; fileRef = 5E1265B623D97F8400C32FEA /* MovieResponse.swift */; };
		5E82CBC323D98B22008B6081 /* CodableExtensions.swift in Sources */ = {isa = PBXBuildFile; fileRef = 5E82CBC223D98B22008B6081 /* CodableExtensions.swift */; };
		5E82CBC623D98B89008B6081 /* MovieModel.swift in Sources */ = {isa = PBXBuildFile; fileRef = 5E82CBC523D98B89008B6081 /* MovieModel.swift */; };
		5EABDA1923D7458E0035D450 /* AppDelegate.swift in Sources */ = {isa = PBXBuildFile; fileRef = 5EABDA1823D7458E0035D450 /* AppDelegate.swift */; };
		5EABDA2023D745910035D450 /* Assets.xcassets in Resources */ = {isa = PBXBuildFile; fileRef = 5EABDA1F23D745910035D450 /* Assets.xcassets */; };
		5EABDA2323D745910035D450 /* LaunchScreen.storyboard in Resources */ = {isa = PBXBuildFile; fileRef = 5EABDA2123D745910035D450 /* LaunchScreen.storyboard */; };
		5ED2971923DC9FEA00F624BB /* MovieListViewModel.swift in Sources */ = {isa = PBXBuildFile; fileRef = 5ED2971823DC9FEA00F624BB /* MovieListViewModel.swift */; };
		5EE4B58023D85AB900D1CF69 /* MovieListViewController.swift in Sources */ = {isa = PBXBuildFile; fileRef = 5EE4B57E23D85AB900D1CF69 /* MovieListViewController.swift */; };
		5EE4B58123D85AB900D1CF69 /* MovieListViewController.xib in Resources */ = {isa = PBXBuildFile; fileRef = 5EE4B57F23D85AB900D1CF69 /* MovieListViewController.xib */; };
		5EE4B58423D85BBF00D1CF69 /* ServiceManager.swift in Sources */ = {isa = PBXBuildFile; fileRef = 5EE4B58323D85BBF00D1CF69 /* ServiceManager.swift */; };
		5EE4B58623D85C3100D1CF69 /* ServiceSession.swift in Sources */ = {isa = PBXBuildFile; fileRef = 5EE4B58523D85C3100D1CF69 /* ServiceSession.swift */; };
		5EFF708223D84F9500FF4925 /* LoginViewController.swift in Sources */ = {isa = PBXBuildFile; fileRef = 5EFF708023D84F9500FF4925 /* LoginViewController.swift */; };
		5EFF708323D84F9500FF4925 /* LoginViewController.xib in Resources */ = {isa = PBXBuildFile; fileRef = 5EFF708123D84F9500FF4925 /* LoginViewController.xib */; };
		5EFF708623D852EC00FF4925 /* LoginViewModel.swift in Sources */ = {isa = PBXBuildFile; fileRef = 5EFF708523D852EC00FF4925 /* LoginViewModel.swift */; };
/* End PBXBuildFile section */

/* Begin PBXFileReference section */
		026EE33634C214256EC20A44 /* Pods-MovieDB.release.xcconfig */ = {isa = PBXFileReference; includeInIndex = 1; lastKnownFileType = text.xcconfig; name = "Pods-MovieDB.release.xcconfig"; path = "Target Support Files/Pods-MovieDB/Pods-MovieDB.release.xcconfig"; sourceTree = "<group>"; };
		132C30B69B01CBF527CDB660 /* Pods_MovieDB.framework */ = {isa = PBXFileReference; explicitFileType = wrapper.framework; includeInIndex = 0; path = Pods_MovieDB.framework; sourceTree = BUILT_PRODUCTS_DIR; };
		5E1265AB23D977AF00C32FEA /* ServiceError.swift */ = {isa = PBXFileReference; lastKnownFileType = sourcecode.swift; path = ServiceError.swift; sourceTree = "<group>"; };
		5E1265B123D97DBD00C32FEA /* MoviePath.swift */ = {isa = PBXFileReference; lastKnownFileType = sourcecode.swift; path = MoviePath.swift; sourceTree = "<group>"; };
		5E1265B323D97DF300C32FEA /* MovieSession.swift */ = {isa = PBXFileReference; lastKnownFileType = sourcecode.swift; path = MovieSession.swift; sourceTree = "<group>"; };
		5E1265B623D97F8400C32FEA /* MovieResponse.swift */ = {isa = PBXFileReference; lastKnownFileType = sourcecode.swift; path = MovieResponse.swift; sourceTree = "<group>"; };
		5E82CBC223D98B22008B6081 /* CodableExtensions.swift */ = {isa = PBXFileReference; lastKnownFileType = sourcecode.swift; path = CodableExtensions.swift; sourceTree = "<group>"; };
		5E82CBC523D98B89008B6081 /* MovieModel.swift */ = {isa = PBXFileReference; lastKnownFileType = sourcecode.swift; path = MovieModel.swift; sourceTree = "<group>"; };
		5EABDA1523D7458E0035D450 /* MovieDB.app */ = {isa = PBXFileReference; explicitFileType = wrapper.application; includeInIndex = 0; path = MovieDB.app; sourceTree = BUILT_PRODUCTS_DIR; };
		5EABDA1823D7458E0035D450 /* AppDelegate.swift */ = {isa = PBXFileReference; lastKnownFileType = sourcecode.swift; path = AppDelegate.swift; sourceTree = "<group>"; };
		5EABDA1F23D745910035D450 /* Assets.xcassets */ = {isa = PBXFileReference; lastKnownFileType = folder.assetcatalog; path = Assets.xcassets; sourceTree = "<group>"; };
		5EABDA2223D745910035D450 /* Base */ = {isa = PBXFileReference; lastKnownFileType = file.storyboard; name = Base; path = Base.lproj/LaunchScreen.storyboard; sourceTree = "<group>"; };
		5EABDA2423D745910035D450 /* Info.plist */ = {isa = PBXFileReference; lastKnownFileType = text.plist.xml; path = Info.plist; sourceTree = "<group>"; };
		5ED2971823DC9FEA00F624BB /* MovieListViewModel.swift */ = {isa = PBXFileReference; lastKnownFileType = sourcecode.swift; path = MovieListViewModel.swift; sourceTree = "<group>"; };
		5EE4B57E23D85AB900D1CF69 /* MovieListViewController.swift */ = {isa = PBXFileReference; lastKnownFileType = sourcecode.swift; path = MovieListViewController.swift; sourceTree = "<group>"; };
		5EE4B57F23D85AB900D1CF69 /* MovieListViewController.xib */ = {isa = PBXFileReference; lastKnownFileType = file.xib; path = MovieListViewController.xib; sourceTree = "<group>"; };
		5EE4B58323D85BBF00D1CF69 /* ServiceManager.swift */ = {isa = PBXFileReference; lastKnownFileType = sourcecode.swift; path = ServiceManager.swift; sourceTree = "<group>"; };
		5EE4B58523D85C3100D1CF69 /* ServiceSession.swift */ = {isa = PBXFileReference; lastKnownFileType = sourcecode.swift; path = ServiceSession.swift; sourceTree = "<group>"; };
		5EFF708023D84F9500FF4925 /* LoginViewController.swift */ = {isa = PBXFileReference; lastKnownFileType = sourcecode.swift; path = LoginViewController.swift; sourceTree = "<group>"; };
		5EFF708123D84F9500FF4925 /* LoginViewController.xib */ = {isa = PBXFileReference; lastKnownFileType = file.xib; path = LoginViewController.xib; sourceTree = "<group>"; };
		5EFF708523D852EC00FF4925 /* LoginViewModel.swift */ = {isa = PBXFileReference; lastKnownFileType = sourcecode.swift; path = LoginViewModel.swift; sourceTree = "<group>"; };
		F01B81CB5E22B1D989198ADF /* Pods-MovieDB.debug.xcconfig */ = {isa = PBXFileReference; includeInIndex = 1; lastKnownFileType = text.xcconfig; name = "Pods-MovieDB.debug.xcconfig"; path = "Target Support Files/Pods-MovieDB/Pods-MovieDB.debug.xcconfig"; sourceTree = "<group>"; };
/* End PBXFileReference section */

/* Begin PBXFrameworksBuildPhase section */
		5EABDA1223D7458E0035D450 /* Frameworks */ = {
			isa = PBXFrameworksBuildPhase;
			buildActionMask = 2147483647;
			files = (
				5C0E04079E68AB6AB3E9DFB5 /* Pods_MovieDB.framework in Frameworks */,
			);
			runOnlyForDeploymentPostprocessing = 0;
		};
/* End PBXFrameworksBuildPhase section */

/* Begin PBXGroup section */
		1CFC0DB666D3D33F0D0B9F4E /* Frameworks */ = {
			isa = PBXGroup;
			children = (
				132C30B69B01CBF527CDB660 /* Pods_MovieDB.framework */,
			);
			name = Frameworks;
			sourceTree = "<group>";
		};
		5E1265A723D9773D00C32FEA /* Extensions */ = {
			isa = PBXGroup;
			children = (
				5E82CBC223D98B22008B6081 /* CodableExtensions.swift */,
			);
			path = Extensions;
			sourceTree = "<group>";
		};
		5E1265AA23D977A800C32FEA /* Error */ = {
			isa = PBXGroup;
			children = (
				5E1265AB23D977AF00C32FEA /* ServiceError.swift */,
			);
			path = Error;
			sourceTree = "<group>";
		};
		5E1265AD23D9783900C32FEA /* Session */ = {
			isa = PBXGroup;
			children = (
				5E1265B323D97DF300C32FEA /* MovieSession.swift */,
			);
			path = Session;
			sourceTree = "<group>";
		};
		5E1265B023D97DB500C32FEA /* Path */ = {
			isa = PBXGroup;
			children = (
				5E1265B123D97DBD00C32FEA /* MoviePath.swift */,
			);
			path = Path;
			sourceTree = "<group>";
		};
		5E1265B523D97F3B00C32FEA /* Model */ = {
			isa = PBXGroup;
			children = (
				5E1265B623D97F8400C32FEA /* MovieResponse.swift */,
			);
			path = Model;
			sourceTree = "<group>";
		};
		5E82CBC423D98B3C008B6081 /* Model */ = {
			isa = PBXGroup;
			children = (
				5E82CBC523D98B89008B6081 /* MovieModel.swift */,
			);
			path = Model;
			sourceTree = "<group>";
		};
		5EABDA0C23D7458E0035D450 = {
			isa = PBXGroup;
			children = (
				5EABDA1723D7458E0035D450 /* MovieDB */,
				5EABDA1623D7458E0035D450 /* Products */,
				65948D530FDFCB7097601A38 /* Pods */,
				1CFC0DB666D3D33F0D0B9F4E /* Frameworks */,
			);
			sourceTree = "<group>";
		};
		5EABDA1623D7458E0035D450 /* Products */ = {
			isa = PBXGroup;
			children = (
				5EABDA1523D7458E0035D450 /* MovieDB.app */,
			);
			name = Products;
			sourceTree = "<group>";
		};
		5EABDA1723D7458E0035D450 /* MovieDB */ = {
			isa = PBXGroup;
			children = (
				5E1265A723D9773D00C32FEA /* Extensions */,
				5EE4B58223D85BAF00D1CF69 /* Service */,
				5E82CBC423D98B3C008B6081 /* Model */,
				5EFF707D23D84F7B00FF4925 /* View */,
				5EFF707C23D84F7000FF4925 /* ViewModel */,
				5EABDA1823D7458E0035D450 /* AppDelegate.swift */,
				5EABDA1F23D745910035D450 /* Assets.xcassets */,
				5EABDA2123D745910035D450 /* LaunchScreen.storyboard */,
				5EABDA2423D745910035D450 /* Info.plist */,
			);
			path = MovieDB;
			sourceTree = "<group>";
		};
		5ED2971723DC9FDE00F624BB /* MovieList */ = {
			isa = PBXGroup;
			children = (
				5ED2971823DC9FEA00F624BB /* MovieListViewModel.swift */,
			);
			path = MovieList;
			sourceTree = "<group>";
		};
		5EE4B58223D85BAF00D1CF69 /* Service */ = {
			isa = PBXGroup;
			children = (
				5E1265B523D97F3B00C32FEA /* Model */,
				5E1265B023D97DB500C32FEA /* Path */,
				5E1265AD23D9783900C32FEA /* Session */,
				5E1265AA23D977A800C32FEA /* Error */,
				5EE4B58323D85BBF00D1CF69 /* ServiceManager.swift */,
				5EE4B58523D85C3100D1CF69 /* ServiceSession.swift */,
			);
			path = Service;
			sourceTree = "<group>";
		};
		5EFF707C23D84F7000FF4925 /* ViewModel */ = {
			isa = PBXGroup;
			children = (
				5ED2971723DC9FDE00F624BB /* MovieList */,
				5EFF708423D852E200FF4925 /* Login */,
			);
			path = ViewModel;
			sourceTree = "<group>";
		};
		5EFF707D23D84F7B00FF4925 /* View */ = {
			isa = PBXGroup;
			children = (
				5EFF708E23D85A6900FF4925 /* MovieList */,
				5EFF707F23D84F8300FF4925 /* Login */,
			);
			path = View;
			sourceTree = "<group>";
		};
		5EFF707F23D84F8300FF4925 /* Login */ = {
			isa = PBXGroup;
			children = (
				5EFF708023D84F9500FF4925 /* LoginViewController.swift */,
				5EFF708123D84F9500FF4925 /* LoginViewController.xib */,
			);
			path = Login;
			sourceTree = "<group>";
		};
		5EFF708423D852E200FF4925 /* Login */ = {
			isa = PBXGroup;
			children = (
				5EFF708523D852EC00FF4925 /* LoginViewModel.swift */,
			);
			path = Login;
			sourceTree = "<group>";
		};
		5EFF708E23D85A6900FF4925 /* MovieList */ = {
			isa = PBXGroup;
			children = (
				5EE4B57E23D85AB900D1CF69 /* MovieListViewController.swift */,
				5EE4B57F23D85AB900D1CF69 /* MovieListViewController.xib */,
			);
			path = MovieList;
			sourceTree = "<group>";
		};
		65948D530FDFCB7097601A38 /* Pods */ = {
			isa = PBXGroup;
			children = (
				F01B81CB5E22B1D989198ADF /* Pods-MovieDB.debug.xcconfig */,
				026EE33634C214256EC20A44 /* Pods-MovieDB.release.xcconfig */,
			);
			path = Pods;
			sourceTree = "<group>";
		};
/* End PBXGroup section */

/* Begin PBXNativeTarget section */
		5EABDA1423D7458E0035D450 /* MovieDB */ = {
			isa = PBXNativeTarget;
			buildConfigurationList = 5EABDA2723D745910035D450 /* Build configuration list for PBXNativeTarget "MovieDB" */;
			buildPhases = (
				7F95CFC5C991F5BB399A191B /* [CP] Check Pods Manifest.lock */,
				5EABDA1123D7458E0035D450 /* Sources */,
				5EABDA1223D7458E0035D450 /* Frameworks */,
				5EABDA1323D7458E0035D450 /* Resources */,
			);
			buildRules = (
			);
			dependencies = (
			);
			name = MovieDB;
			productName = MovieDB;
			productReference = 5EABDA1523D7458E0035D450 /* MovieDB.app */;
			productType = "com.apple.product-type.application";
		};
/* End PBXNativeTarget section */

/* Begin PBXProject section */
		5EABDA0D23D7458E0035D450 /* Project object */ = {
			isa = PBXProject;
			attributes = {
				LastSwiftUpdateCheck = 1030;
				LastUpgradeCheck = 1030;
				ORGANIZATIONNAME = William;
				TargetAttributes = {
					5EABDA1423D7458E0035D450 = {
						CreatedOnToolsVersion = 10.3;
					};
				};
			};
			buildConfigurationList = 5EABDA1023D7458E0035D450 /* Build configuration list for PBXProject "MovieDB" */;
			compatibilityVersion = "Xcode 9.3";
			developmentRegion = en;
			hasScannedForEncodings = 0;
			knownRegions = (
				en,
				Base,
			);
			mainGroup = 5EABDA0C23D7458E0035D450;
			productRefGroup = 5EABDA1623D7458E0035D450 /* Products */;
			projectDirPath = "";
			projectRoot = "";
			targets = (
				5EABDA1423D7458E0035D450 /* MovieDB */,
			);
		};
/* End PBXProject section */

/* Begin PBXResourcesBuildPhase section */
		5EABDA1323D7458E0035D450 /* Resources */ = {
			isa = PBXResourcesBuildPhase;
			buildActionMask = 2147483647;
			files = (
				5EABDA2323D745910035D450 /* LaunchScreen.storyboard in Resources */,
				5EABDA2023D745910035D450 /* Assets.xcassets in Resources */,
				5EFF708323D84F9500FF4925 /* LoginViewController.xib in Resources */,
				5EE4B58123D85AB900D1CF69 /* MovieListViewController.xib in Resources */,
			);
			runOnlyForDeploymentPostprocessing = 0;
		};
/* End PBXResourcesBuildPhase section */

/* Begin PBXShellScriptBuildPhase section */
		7F95CFC5C991F5BB399A191B /* [CP] Check Pods Manifest.lock */ = {
			isa = PBXShellScriptBuildPhase;
			buildActionMask = 2147483647;
			files = (
			);
			inputFileListPaths = (
			);
			inputPaths = (
				"${PODS_PODFILE_DIR_PATH}/Podfile.lock",
				"${PODS_ROOT}/Manifest.lock",
			);
			name = "[CP] Check Pods Manifest.lock";
			outputFileListPaths = (
			);
			outputPaths = (
				"$(DERIVED_FILE_DIR)/Pods-MovieDB-checkManifestLockResult.txt",
			);
			runOnlyForDeploymentPostprocessing = 0;
			shellPath = /bin/sh;
			shellScript = "diff \"${PODS_PODFILE_DIR_PATH}/Podfile.lock\" \"${PODS_ROOT}/Manifest.lock\" > /dev/null\nif [ $? != 0 ] ; then\n    # print error to STDERR\n    echo \"error: The sandbox is not in sync with the Podfile.lock. Run 'pod install' or update your CocoaPods installation.\" >&2\n    exit 1\nfi\n# This output is used by Xcode 'outputs' to avoid re-running this script phase.\necho \"SUCCESS\" > \"${SCRIPT_OUTPUT_FILE_0}\"\n";
			showEnvVarsInLog = 0;
		};
/* End PBXShellScriptBuildPhase section */

/* Begin PBXSourcesBuildPhase section */
		5EABDA1123D7458E0035D450 /* Sources */ = {
			isa = PBXSourcesBuildPhase;
			buildActionMask = 2147483647;
			files = (
				5E1265AC23D977AF00C32FEA /* ServiceError.swift in Sources */,
				5E1265B723D97F8400C32FEA /* MovieResponse.swift in Sources */,
				5EFF708223D84F9500FF4925 /* LoginViewController.swift in Sources */,
				5EABDA1923D7458E0035D450 /* AppDelegate.swift in Sources */,
				5E1265B223D97DBD00C32FEA /* MoviePath.swift in Sources */,
				5ED2971923DC9FEA00F624BB /* MovieListViewModel.swift in Sources */,
				5E82CBC623D98B89008B6081 /* MovieModel.swift in Sources */,
				5E1265B423D97DF300C32FEA /* MovieSession.swift in Sources */,
				5EE4B58623D85C3100D1CF69 /* ServiceSession.swift in Sources */,
				5E82CBC323D98B22008B6081 /* CodableExtensions.swift in Sources */,
				5EFF708623D852EC00FF4925 /* LoginViewModel.swift in Sources */,
				5EE4B58023D85AB900D1CF69 /* MovieListViewController.swift in Sources */,
				5EE4B58423D85BBF00D1CF69 /* ServiceManager.swift in Sources */,
			);
			runOnlyForDeploymentPostprocessing = 0;
		};
/* End PBXSourcesBuildPhase section */

/* Begin PBXVariantGroup section */
		5EABDA2123D745910035D450 /* LaunchScreen.storyboard */ = {
			isa = PBXVariantGroup;
			children = (
				5EABDA2223D745910035D450 /* Base */,
			);
			name = LaunchScreen.storyboard;
			sourceTree = "<group>";
		};
/* End PBXVariantGroup section */

/* Begin XCBuildConfiguration section */
		5EABDA2523D745910035D450 /* Debug */ = {
			isa = XCBuildConfiguration;
			buildSettings = {
				ALWAYS_SEARCH_USER_PATHS = NO;
				CLANG_ANALYZER_NONNULL = YES;
				CLANG_ANALYZER_NUMBER_OBJECT_CONVERSION = YES_AGGRESSIVE;
				CLANG_CXX_LANGUAGE_STANDARD = "gnu++14";
				CLANG_CXX_LIBRARY = "libc++";
				CLANG_ENABLE_MODULES = YES;
				CLANG_ENABLE_OBJC_ARC = YES;
				CLANG_ENABLE_OBJC_WEAK = YES;
				CLANG_WARN_BLOCK_CAPTURE_AUTORELEASING = YES;
				CLANG_WARN_BOOL_CONVERSION = YES;
				CLANG_WARN_COMMA = YES;
				CLANG_WARN_CONSTANT_CONVERSION = YES;
				CLANG_WARN_DEPRECATED_OBJC_IMPLEMENTATIONS = YES;
				CLANG_WARN_DIRECT_OBJC_ISA_USAGE = YES_ERROR;
				CLANG_WARN_DOCUMENTATION_COMMENTS = YES;
				CLANG_WARN_EMPTY_BODY = YES;
				CLANG_WARN_ENUM_CONVERSION = YES;
				CLANG_WARN_INFINITE_RECURSION = YES;
				CLANG_WARN_INT_CONVERSION = YES;
				CLANG_WARN_NON_LITERAL_NULL_CONVERSION = YES;
				CLANG_WARN_OBJC_IMPLICIT_RETAIN_SELF = YES;
				CLANG_WARN_OBJC_LITERAL_CONVERSION = YES;
				CLANG_WARN_OBJC_ROOT_CLASS = YES_ERROR;
				CLANG_WARN_RANGE_LOOP_ANALYSIS = YES;
				CLANG_WARN_STRICT_PROTOTYPES = YES;
				CLANG_WARN_SUSPICIOUS_MOVE = YES;
				CLANG_WARN_UNGUARDED_AVAILABILITY = YES_AGGRESSIVE;
				CLANG_WARN_UNREACHABLE_CODE = YES;
				CLANG_WARN__DUPLICATE_METHOD_MATCH = YES;
				CODE_SIGN_IDENTITY = "iPhone Developer";
				COPY_PHASE_STRIP = NO;
				DEBUG_INFORMATION_FORMAT = dwarf;
				ENABLE_STRICT_OBJC_MSGSEND = YES;
				ENABLE_TESTABILITY = YES;
				GCC_C_LANGUAGE_STANDARD = gnu11;
				GCC_DYNAMIC_NO_PIC = NO;
				GCC_NO_COMMON_BLOCKS = YES;
				GCC_OPTIMIZATION_LEVEL = 0;
				GCC_PREPROCESSOR_DEFINITIONS = (
					"DEBUG=1",
					"$(inherited)",
				);
				GCC_WARN_64_TO_32_BIT_CONVERSION = YES;
				GCC_WARN_ABOUT_RETURN_TYPE = YES_ERROR;
				GCC_WARN_UNDECLARED_SELECTOR = YES;
				GCC_WARN_UNINITIALIZED_AUTOS = YES_AGGRESSIVE;
				GCC_WARN_UNUSED_FUNCTION = YES;
				GCC_WARN_UNUSED_VARIABLE = YES;
				IPHONEOS_DEPLOYMENT_TARGET = 12.4;
				MTL_ENABLE_DEBUG_INFO = INCLUDE_SOURCE;
				MTL_FAST_MATH = YES;
				ONLY_ACTIVE_ARCH = YES;
				SDKROOT = iphoneos;
				SWIFT_ACTIVE_COMPILATION_CONDITIONS = DEBUG;
				SWIFT_OPTIMIZATION_LEVEL = "-Onone";
			};
			name = Debug;
		};
		5EABDA2623D745910035D450 /* Release */ = {
			isa = XCBuildConfiguration;
			buildSettings = {
				ALWAYS_SEARCH_USER_PATHS = NO;
				CLANG_ANALYZER_NONNULL = YES;
				CLANG_ANALYZER_NUMBER_OBJECT_CONVERSION = YES_AGGRESSIVE;
				CLANG_CXX_LANGUAGE_STANDARD = "gnu++14";
				CLANG_CXX_LIBRARY = "libc++";
				CLANG_ENABLE_MODULES = YES;
				CLANG_ENABLE_OBJC_ARC = YES;
				CLANG_ENABLE_OBJC_WEAK = YES;
				CLANG_WARN_BLOCK_CAPTURE_AUTORELEASING = YES;
				CLANG_WARN_BOOL_CONVERSION = YES;
				CLANG_WARN_COMMA = YES;
				CLANG_WARN_CONSTANT_CONVERSION = YES;
				CLANG_WARN_DEPRECATED_OBJC_IMPLEMENTATIONS = YES;
				CLANG_WARN_DIRECT_OBJC_ISA_USAGE = YES_ERROR;
				CLANG_WARN_DOCUMENTATION_COMMENTS = YES;
				CLANG_WARN_EMPTY_BODY = YES;
				CLANG_WARN_ENUM_CONVERSION = YES;
				CLANG_WARN_INFINITE_RECURSION = YES;
				CLANG_WARN_INT_CONVERSION = YES;
				CLANG_WARN_NON_LITERAL_NULL_CONVERSION = YES;
				CLANG_WARN_OBJC_IMPLICIT_RETAIN_SELF = YES;
				CLANG_WARN_OBJC_LITERAL_CONVERSION = YES;
				CLANG_WARN_OBJC_ROOT_CLASS = YES_ERROR;
				CLANG_WARN_RANGE_LOOP_ANALYSIS = YES;
				CLANG_WARN_STRICT_PROTOTYPES = YES;
				CLANG_WARN_SUSPICIOUS_MOVE = YES;
				CLANG_WARN_UNGUARDED_AVAILABILITY = YES_AGGRESSIVE;
				CLANG_WARN_UNREACHABLE_CODE = YES;
				CLANG_WARN__DUPLICATE_METHOD_MATCH = YES;
				CODE_SIGN_IDENTITY = "iPhone Developer";
				COPY_PHASE_STRIP = NO;
				DEBUG_INFORMATION_FORMAT = "dwarf-with-dsym";
				ENABLE_NS_ASSERTIONS = NO;
				ENABLE_STRICT_OBJC_MSGSEND = YES;
				GCC_C_LANGUAGE_STANDARD = gnu11;
				GCC_NO_COMMON_BLOCKS = YES;
				GCC_WARN_64_TO_32_BIT_CONVERSION = YES;
				GCC_WARN_ABOUT_RETURN_TYPE = YES_ERROR;
				GCC_WARN_UNDECLARED_SELECTOR = YES;
				GCC_WARN_UNINITIALIZED_AUTOS = YES_AGGRESSIVE;
				GCC_WARN_UNUSED_FUNCTION = YES;
				GCC_WARN_UNUSED_VARIABLE = YES;
				IPHONEOS_DEPLOYMENT_TARGET = 12.4;
				MTL_ENABLE_DEBUG_INFO = NO;
				MTL_FAST_MATH = YES;
				SDKROOT = iphoneos;
				SWIFT_COMPILATION_MODE = wholemodule;
				SWIFT_OPTIMIZATION_LEVEL = "-O";
				VALIDATE_PRODUCT = YES;
			};
			name = Release;
		};
		5EABDA2823D745910035D450 /* Debug */ = {
			isa = XCBuildConfiguration;
			baseConfigurationReference = F01B81CB5E22B1D989198ADF /* Pods-MovieDB.debug.xcconfig */;
			buildSettings = {
				ASSETCATALOG_COMPILER_APPICON_NAME = AppIcon;
				CODE_SIGN_STYLE = Automatic;
				DEVELOPMENT_TEAM = BY8P5XC76R;
				INFOPLIST_FILE = MovieDB/Info.plist;
				LD_RUNPATH_SEARCH_PATHS = (
					"$(inherited)",
					"@executable_path/Frameworks",
				);
				PRODUCT_BUNDLE_IDENTIFIER = william.sample.MovieDB;
				PRODUCT_NAME = "$(TARGET_NAME)";
				SWIFT_VERSION = 5.0;
				TARGETED_DEVICE_FAMILY = "1,2";
			};
			name = Debug;
		};
		5EABDA2923D745910035D450 /* Release */ = {
			isa = XCBuildConfiguration;
			baseConfigurationReference = 026EE33634C214256EC20A44 /* Pods-MovieDB.release.xcconfig */;
			buildSettings = {
				ASSETCATALOG_COMPILER_APPICON_NAME = AppIcon;
				CODE_SIGN_STYLE = Automatic;
				DEVELOPMENT_TEAM = BY8P5XC76R;
				INFOPLIST_FILE = MovieDB/Info.plist;
				LD_RUNPATH_SEARCH_PATHS = (
					"$(inherited)",
					"@executable_path/Frameworks",
				);
				PRODUCT_BUNDLE_IDENTIFIER = william.sample.MovieDB;
				PRODUCT_NAME = "$(TARGET_NAME)";
				SWIFT_VERSION = 5.0;
				TARGETED_DEVICE_FAMILY = "1,2";
			};
			name = Release;
		};
/* End XCBuildConfiguration section */

/* Begin XCConfigurationList section */
		5EABDA1023D7458E0035D450 /* Build configuration list for PBXProject "MovieDB" */ = {
			isa = XCConfigurationList;
			buildConfigurations = (
				5EABDA2523D745910035D450 /* Debug */,
				5EABDA2623D745910035D450 /* Release */,
			);
			defaultConfigurationIsVisible = 0;
			defaultConfigurationName = Release;
		};
		5EABDA2723D745910035D450 /* Build configuration list for PBXNativeTarget "MovieDB" */ = {
			isa = XCConfigurationList;
			buildConfigurations = (
				5EABDA2823D745910035D450 /* Debug */,
				5EABDA2923D745910035D450 /* Release */,
			);
			defaultConfigurationIsVisible = 0;
			defaultConfigurationName = Release;
		};
/* End XCConfigurationList section */
	};
	rootObject = 5EABDA0D23D7458E0035D450 /* Project object */;
}
