// !$*UTF8*$!
{
	archiveVersion = 1;
	classes = {
	};
	objectVersion = 51;
	objects = {

/* Begin PBXBuildFile section */
		3D036E0C24BF3DC9008F6BFA /* MovieDIContainer.swift in Sources */ = {isa = PBXBuildFile; fileRef = 3D036E0B24BF3DC9008F6BFA /* MovieDIContainer.swift */; };
		3D036E1124BF40D4008F6BFA /* MovieListViewController.swift in Sources */ = {isa = PBXBuildFile; fileRef = 3D036E0F24BF40D4008F6BFA /* MovieListViewController.swift */; };
		3D036E1224BF40D4008F6BFA /* MovieListViewController.xib in Resources */ = {isa = PBXBuildFile; fileRef = 3D036E1024BF40D4008F6BFA /* MovieListViewController.xib */; };
		3D036E1524BF4167008F6BFA /* LaunchScreenViewController.swift in Sources */ = {isa = PBXBuildFile; fileRef = 3D036E1424BF4167008F6BFA /* LaunchScreenViewController.swift */; };
		3D036E1824BF4498008F6BFA /* LaunchScreenCoordinator.swift in Sources */ = {isa = PBXBuildFile; fileRef = 3D036E1724BF4498008F6BFA /* LaunchScreenCoordinator.swift */; };
		3D036E2124BF45E0008F6BFA /* MovieDB.xcdatamodeld in Sources */ = {isa = PBXBuildFile; fileRef = 3D036E1F24BF45E0008F6BFA /* MovieDB.xcdatamodeld */; };
		3D036E2324BF4680008F6BFA /* MovieDBCoreData.swift in Sources */ = {isa = PBXBuildFile; fileRef = 3D036E2224BF4680008F6BFA /* MovieDBCoreData.swift */; };
		3D39E7B224BB5C4A002147F4 /* MockServiceConfig.swift in Sources */ = {isa = PBXBuildFile; fileRef = 3D39E7B124BB5C4A002147F4 /* MockServiceConfig.swift */; };
		3D39E7B424BB5E42002147F4 /* MockServiceRequest.swift in Sources */ = {isa = PBXBuildFile; fileRef = 3D39E7B324BB5E42002147F4 /* MockServiceRequest.swift */; };
		3D440F4724BAF160006EC97A /* ServiceResponse.swift in Sources */ = {isa = PBXBuildFile; fileRef = 3D440F4624BAF160006EC97A /* ServiceResponse.swift */; };
		3D440F4C24BB1302006EC97A /* APIEndpoints.swift in Sources */ = {isa = PBXBuildFile; fileRef = 3D440F4B24BB1302006EC97A /* APIEndpoints.swift */; };
		3D4D80D524BD58FF0034971F /* AppFlowCoordinator.swift in Sources */ = {isa = PBXBuildFile; fileRef = 3D4D80D424BD58FF0034971F /* AppFlowCoordinator.swift */; };
		3D4D80D824BD59470034971F /* Coordinator.swift in Sources */ = {isa = PBXBuildFile; fileRef = 3D4D80D724BD59470034971F /* Coordinator.swift */; };
		3D4D80DA24BD59950034971F /* BaseCoordinator.swift in Sources */ = {isa = PBXBuildFile; fileRef = 3D4D80D924BD59950034971F /* BaseCoordinator.swift */; };
		3D4D80DE24BD61760034971F /* AppDIContainer.swift in Sources */ = {isa = PBXBuildFile; fileRef = 3D4D80DD24BD61760034971F /* AppDIContainer.swift */; };
		3D4D80E124BD63180034971F /* BaseRouter.swift in Sources */ = {isa = PBXBuildFile; fileRef = 3D4D80E024BD63180034971F /* BaseRouter.swift */; };
		3D4D80E324BD63310034971F /* Router.swift in Sources */ = {isa = PBXBuildFile; fileRef = 3D4D80E224BD63310034971F /* Router.swift */; };
		3DBBC12424B9A34000E7C272 /* Localizable.strings in Resources */ = {isa = PBXBuildFile; fileRef = 3DBBC12624B9A34000E7C272 /* Localizable.strings */; };
		3DBBC12F24B9A4C200E7C272 /* MovieDBTests.swift in Sources */ = {isa = PBXBuildFile; fileRef = 3DBBC12E24B9A4C200E7C272 /* MovieDBTests.swift */; };
		3DBBC13D24B9A4DD00E7C272 /* MovieDBUITests.swift in Sources */ = {isa = PBXBuildFile; fileRef = 3DBBC13C24B9A4DD00E7C272 /* MovieDBUITests.swift */; };
		3DBBC14624B9A77800E7C272 /* ServiceManager.swift in Sources */ = {isa = PBXBuildFile; fileRef = 3DBBC14524B9A77800E7C272 /* ServiceManager.swift */; };
		3DBBC14824B9BA2800E7C272 /* ServiceSession.swift in Sources */ = {isa = PBXBuildFile; fileRef = 3DBBC14724B9BA2800E7C272 /* ServiceSession.swift */; };
		3DBBC14A24B9BECE00E7C272 /* AppConfiguration.swift in Sources */ = {isa = PBXBuildFile; fileRef = 3DBBC14924B9BECE00E7C272 /* AppConfiguration.swift */; };
		3DBBC14C24B9BF6100E7C272 /* ServiceConfig.swift in Sources */ = {isa = PBXBuildFile; fileRef = 3DBBC14B24B9BF6100E7C272 /* ServiceConfig.swift */; };
		3DBBC14E24B9D47800E7C272 /* ServiceError.swift in Sources */ = {isa = PBXBuildFile; fileRef = 3DBBC14D24B9D47800E7C272 /* ServiceError.swift */; };
		3DBBC15224B9E88000E7C272 /* Endpoint.swift in Sources */ = {isa = PBXBuildFile; fileRef = 3DBBC15124B9E88000E7C272 /* Endpoint.swift */; };
		3DBE87AB24BF4A9000019EB1 /* Entity.swift in Sources */ = {isa = PBXBuildFile; fileRef = 3DBE87AA24BF4A9000019EB1 /* Entity.swift */; };
		3DBE87AD24BF4C3F00019EB1 /* AuthenticationStorage.swift in Sources */ = {isa = PBXBuildFile; fileRef = 3DBE87AC24BF4C3F00019EB1 /* AuthenticationStorage.swift */; };
		3DBE87B024BF4D3600019EB1 /* AuthenticationModel.swift in Sources */ = {isa = PBXBuildFile; fileRef = 3DBE87AF24BF4D3600019EB1 /* AuthenticationModel.swift */; };
		3DBE87B224BF535900019EB1 /* AuthenticationEntity.swift in Sources */ = {isa = PBXBuildFile; fileRef = 3DBE87B124BF535900019EB1 /* AuthenticationEntity.swift */; };
		3DEF1F4D24BC5C1500B8BC65 /* EncodableExtension.swift in Sources */ = {isa = PBXBuildFile; fileRef = 3DEF1F4B24BC5C1500B8BC65 /* EncodableExtension.swift */; };
		3DEF1F4E24BC5C1500B8BC65 /* DictionaryExtension.swift in Sources */ = {isa = PBXBuildFile; fileRef = 3DEF1F4C24BC5C1500B8BC65 /* DictionaryExtension.swift */; };
		5C0E04079E68AB6AB3E9DFB5 /* Pods_MovieDB.framework in Frameworks */ = {isa = PBXBuildFile; fileRef = 132C30B69B01CBF527CDB660 /* Pods_MovieDB.framework */; };
		5EABDA1923D7458E0035D450 /* AppDelegate.swift in Sources */ = {isa = PBXBuildFile; fileRef = 5EABDA1823D7458E0035D450 /* AppDelegate.swift */; };
		5EABDA2023D745910035D450 /* Assets.xcassets in Resources */ = {isa = PBXBuildFile; fileRef = 5EABDA1F23D745910035D450 /* Assets.xcassets */; };
		5EABDA2323D745910035D450 /* LaunchScreen.storyboard in Resources */ = {isa = PBXBuildFile; fileRef = 5EABDA2123D745910035D450 /* LaunchScreen.storyboard */; };
		A926E6B77CD9AE4316A440E4 /* Pods_MovieDBTests.framework in Frameworks */ = {isa = PBXBuildFile; fileRef = B85D36AD6E3401947656E5B0 /* Pods_MovieDBTests.framework */; };
/* End PBXBuildFile section */

/* Begin PBXContainerItemProxy section */
		3DBBC13124B9A4C200E7C272 /* PBXContainerItemProxy */ = {
			isa = PBXContainerItemProxy;
			containerPortal = 5EABDA0D23D7458E0035D450 /* Project object */;
			proxyType = 1;
			remoteGlobalIDString = 5EABDA1423D7458E0035D450;
			remoteInfo = MovieDB;
		};
		3DBBC13F24B9A4DD00E7C272 /* PBXContainerItemProxy */ = {
			isa = PBXContainerItemProxy;
			containerPortal = 5EABDA0D23D7458E0035D450 /* Project object */;
			proxyType = 1;
			remoteGlobalIDString = 5EABDA1423D7458E0035D450;
			remoteInfo = MovieDB;
		};
/* End PBXContainerItemProxy section */

/* Begin PBXFileReference section */
		026EE33634C214256EC20A44 /* Pods-MovieDB.release.xcconfig */ = {isa = PBXFileReference; includeInIndex = 1; lastKnownFileType = text.xcconfig; name = "Pods-MovieDB.release.xcconfig"; path = "Target Support Files/Pods-MovieDB/Pods-MovieDB.release.xcconfig"; sourceTree = "<group>"; };
		132C30B69B01CBF527CDB660 /* Pods_MovieDB.framework */ = {isa = PBXFileReference; explicitFileType = wrapper.framework; includeInIndex = 0; path = Pods_MovieDB.framework; sourceTree = BUILT_PRODUCTS_DIR; };
		28AAE7466348C2A314F14BB4 /* Pods-MovieDBTests.debug.xcconfig */ = {isa = PBXFileReference; includeInIndex = 1; lastKnownFileType = text.xcconfig; name = "Pods-MovieDBTests.debug.xcconfig"; path = "Target Support Files/Pods-MovieDBTests/Pods-MovieDBTests.debug.xcconfig"; sourceTree = "<group>"; };
		3D036E0B24BF3DC9008F6BFA /* MovieDIContainer.swift */ = {isa = PBXFileReference; lastKnownFileType = sourcecode.swift; path = MovieDIContainer.swift; sourceTree = "<group>"; };
		3D036E0F24BF40D4008F6BFA /* MovieListViewController.swift */ = {isa = PBXFileReference; lastKnownFileType = sourcecode.swift; path = MovieListViewController.swift; sourceTree = "<group>"; };
		3D036E1024BF40D4008F6BFA /* MovieListViewController.xib */ = {isa = PBXFileReference; lastKnownFileType = file.xib; path = MovieListViewController.xib; sourceTree = "<group>"; };
		3D036E1424BF4167008F6BFA /* LaunchScreenViewController.swift */ = {isa = PBXFileReference; lastKnownFileType = sourcecode.swift; path = LaunchScreenViewController.swift; sourceTree = "<group>"; };
		3D036E1724BF4498008F6BFA /* LaunchScreenCoordinator.swift */ = {isa = PBXFileReference; lastKnownFileType = sourcecode.swift; path = LaunchScreenCoordinator.swift; sourceTree = "<group>"; };
		3D036E2024BF45E0008F6BFA /* MovieDB.xcdatamodel */ = {isa = PBXFileReference; lastKnownFileType = wrapper.xcdatamodel; path = MovieDB.xcdatamodel; sourceTree = "<group>"; };
		3D036E2224BF4680008F6BFA /* MovieDBCoreData.swift */ = {isa = PBXFileReference; lastKnownFileType = sourcecode.swift; path = MovieDBCoreData.swift; sourceTree = "<group>"; };
		3D39E7B124BB5C4A002147F4 /* MockServiceConfig.swift */ = {isa = PBXFileReference; lastKnownFileType = sourcecode.swift; path = MockServiceConfig.swift; sourceTree = "<group>"; };
		3D39E7B324BB5E42002147F4 /* MockServiceRequest.swift */ = {isa = PBXFileReference; lastKnownFileType = sourcecode.swift; path = MockServiceRequest.swift; sourceTree = "<group>"; };
		3D440F4624BAF160006EC97A /* ServiceResponse.swift */ = {isa = PBXFileReference; lastKnownFileType = sourcecode.swift; path = ServiceResponse.swift; sourceTree = "<group>"; };
		3D440F4B24BB1302006EC97A /* APIEndpoints.swift */ = {isa = PBXFileReference; lastKnownFileType = sourcecode.swift; path = APIEndpoints.swift; sourceTree = "<group>"; };
		3D4D80D424BD58FF0034971F /* AppFlowCoordinator.swift */ = {isa = PBXFileReference; lastKnownFileType = sourcecode.swift; path = AppFlowCoordinator.swift; sourceTree = "<group>"; };
		3D4D80D724BD59470034971F /* Coordinator.swift */ = {isa = PBXFileReference; lastKnownFileType = sourcecode.swift; path = Coordinator.swift; sourceTree = "<group>"; };
		3D4D80D924BD59950034971F /* BaseCoordinator.swift */ = {isa = PBXFileReference; lastKnownFileType = sourcecode.swift; path = BaseCoordinator.swift; sourceTree = "<group>"; };
		3D4D80DD24BD61760034971F /* AppDIContainer.swift */ = {isa = PBXFileReference; lastKnownFileType = sourcecode.swift; path = AppDIContainer.swift; sourceTree = "<group>"; };
		3D4D80E024BD63180034971F /* BaseRouter.swift */ = {isa = PBXFileReference; lastKnownFileType = sourcecode.swift; path = BaseRouter.swift; sourceTree = "<group>"; };
		3D4D80E224BD63310034971F /* Router.swift */ = {isa = PBXFileReference; lastKnownFileType = sourcecode.swift; path = Router.swift; sourceTree = "<group>"; };
		3DBBC12124B9A2FE00E7C272 /* id */ = {isa = PBXFileReference; lastKnownFileType = text.plist.strings; name = id; path = id.lproj/LaunchScreen.strings; sourceTree = "<group>"; };
		3DBBC12524B9A34000E7C272 /* en */ = {isa = PBXFileReference; lastKnownFileType = text.plist.strings; name = en; path = en.lproj/Localizable.strings; sourceTree = "<group>"; };
		3DBBC12724B9A34100E7C272 /* id */ = {isa = PBXFileReference; lastKnownFileType = text.plist.strings; name = id; path = id.lproj/Localizable.strings; sourceTree = "<group>"; };
		3DBBC12C24B9A4C100E7C272 /* MovieDBTests.xctest */ = {isa = PBXFileReference; explicitFileType = wrapper.cfbundle; includeInIndex = 0; path = MovieDBTests.xctest; sourceTree = BUILT_PRODUCTS_DIR; };
		3DBBC12E24B9A4C200E7C272 /* MovieDBTests.swift */ = {isa = PBXFileReference; lastKnownFileType = sourcecode.swift; path = MovieDBTests.swift; sourceTree = "<group>"; };
		3DBBC13024B9A4C200E7C272 /* Info.plist */ = {isa = PBXFileReference; lastKnownFileType = text.plist.xml; path = Info.plist; sourceTree = "<group>"; };
		3DBBC13A24B9A4DD00E7C272 /* MovieDBUITests.xctest */ = {isa = PBXFileReference; explicitFileType = wrapper.cfbundle; includeInIndex = 0; path = MovieDBUITests.xctest; sourceTree = BUILT_PRODUCTS_DIR; };
		3DBBC13C24B9A4DD00E7C272 /* MovieDBUITests.swift */ = {isa = PBXFileReference; lastKnownFileType = sourcecode.swift; path = MovieDBUITests.swift; sourceTree = "<group>"; };
		3DBBC13E24B9A4DD00E7C272 /* Info.plist */ = {isa = PBXFileReference; lastKnownFileType = text.plist.xml; path = Info.plist; sourceTree = "<group>"; };
		3DBBC14524B9A77800E7C272 /* ServiceManager.swift */ = {isa = PBXFileReference; lastKnownFileType = sourcecode.swift; path = ServiceManager.swift; sourceTree = "<group>"; };
		3DBBC14724B9BA2800E7C272 /* ServiceSession.swift */ = {isa = PBXFileReference; lastKnownFileType = sourcecode.swift; path = ServiceSession.swift; sourceTree = "<group>"; };
		3DBBC14924B9BECE00E7C272 /* AppConfiguration.swift */ = {isa = PBXFileReference; lastKnownFileType = sourcecode.swift; path = AppConfiguration.swift; sourceTree = "<group>"; };
		3DBBC14B24B9BF6100E7C272 /* ServiceConfig.swift */ = {isa = PBXFileReference; lastKnownFileType = sourcecode.swift; path = ServiceConfig.swift; sourceTree = "<group>"; };
		3DBBC14D24B9D47800E7C272 /* ServiceError.swift */ = {isa = PBXFileReference; lastKnownFileType = sourcecode.swift; path = ServiceError.swift; sourceTree = "<group>"; };
		3DBBC15124B9E88000E7C272 /* Endpoint.swift */ = {isa = PBXFileReference; lastKnownFileType = sourcecode.swift; path = Endpoint.swift; sourceTree = "<group>"; };
		3DBE87AA24BF4A9000019EB1 /* Entity.swift */ = {isa = PBXFileReference; lastKnownFileType = sourcecode.swift; path = Entity.swift; sourceTree = "<group>"; };
		3DBE87AC24BF4C3F00019EB1 /* AuthenticationStorage.swift */ = {isa = PBXFileReference; lastKnownFileType = sourcecode.swift; path = AuthenticationStorage.swift; sourceTree = "<group>"; };
		3DBE87AF24BF4D3600019EB1 /* AuthenticationModel.swift */ = {isa = PBXFileReference; lastKnownFileType = sourcecode.swift; path = AuthenticationModel.swift; sourceTree = "<group>"; };
		3DBE87B124BF535900019EB1 /* AuthenticationEntity.swift */ = {isa = PBXFileReference; lastKnownFileType = sourcecode.swift; path = AuthenticationEntity.swift; sourceTree = "<group>"; };
		3DEF1F4B24BC5C1500B8BC65 /* EncodableExtension.swift */ = {isa = PBXFileReference; fileEncoding = 4; lastKnownFileType = sourcecode.swift; path = EncodableExtension.swift; sourceTree = "<group>"; };
		3DEF1F4C24BC5C1500B8BC65 /* DictionaryExtension.swift */ = {isa = PBXFileReference; fileEncoding = 4; lastKnownFileType = sourcecode.swift; path = DictionaryExtension.swift; sourceTree = "<group>"; };
		5EABDA1523D7458E0035D450 /* MovieDB.app */ = {isa = PBXFileReference; explicitFileType = wrapper.application; includeInIndex = 0; path = MovieDB.app; sourceTree = BUILT_PRODUCTS_DIR; };
		5EABDA1823D7458E0035D450 /* AppDelegate.swift */ = {isa = PBXFileReference; lastKnownFileType = sourcecode.swift; path = AppDelegate.swift; sourceTree = "<group>"; };
		5EABDA1F23D745910035D450 /* Assets.xcassets */ = {isa = PBXFileReference; lastKnownFileType = folder.assetcatalog; path = Assets.xcassets; sourceTree = "<group>"; };
		5EABDA2223D745910035D450 /* Base */ = {isa = PBXFileReference; lastKnownFileType = file.storyboard; name = Base; path = Base.lproj/LaunchScreen.storyboard; sourceTree = "<group>"; };
		5EABDA2423D745910035D450 /* Info.plist */ = {isa = PBXFileReference; lastKnownFileType = text.plist.xml; path = Info.plist; sourceTree = "<group>"; };
		B85D36AD6E3401947656E5B0 /* Pods_MovieDBTests.framework */ = {isa = PBXFileReference; explicitFileType = wrapper.framework; includeInIndex = 0; path = Pods_MovieDBTests.framework; sourceTree = BUILT_PRODUCTS_DIR; };
		F01B81CB5E22B1D989198ADF /* Pods-MovieDB.debug.xcconfig */ = {isa = PBXFileReference; includeInIndex = 1; lastKnownFileType = text.xcconfig; name = "Pods-MovieDB.debug.xcconfig"; path = "Target Support Files/Pods-MovieDB/Pods-MovieDB.debug.xcconfig"; sourceTree = "<group>"; };
		FB48B619E7BD6596BF7B206B /* Pods-MovieDBTests.release.xcconfig */ = {isa = PBXFileReference; includeInIndex = 1; lastKnownFileType = text.xcconfig; name = "Pods-MovieDBTests.release.xcconfig"; path = "Target Support Files/Pods-MovieDBTests/Pods-MovieDBTests.release.xcconfig"; sourceTree = "<group>"; };
/* End PBXFileReference section */

/* Begin PBXFrameworksBuildPhase section */
		3DBBC12924B9A4C100E7C272 /* Frameworks */ = {
			isa = PBXFrameworksBuildPhase;
			buildActionMask = 2147483647;
			files = (
				A926E6B77CD9AE4316A440E4 /* Pods_MovieDBTests.framework in Frameworks */,
			);
			runOnlyForDeploymentPostprocessing = 0;
		};
		3DBBC13724B9A4DD00E7C272 /* Frameworks */ = {
			isa = PBXFrameworksBuildPhase;
			buildActionMask = 2147483647;
			files = (
			);
			runOnlyForDeploymentPostprocessing = 0;
		};
		5EABDA1223D7458E0035D450 /* Frameworks */ = {
			isa = PBXFrameworksBuildPhase;
			buildActionMask = 2147483647;
			files = (
				5C0E04079E68AB6AB3E9DFB5 /* Pods_MovieDB.framework in Frameworks */,
			);
			runOnlyForDeploymentPostprocessing = 0;
		};
/* End PBXFrameworksBuildPhase section */

/* Begin PBXGroup section */
		1CFC0DB666D3D33F0D0B9F4E /* Frameworks */ = {
			isa = PBXGroup;
			children = (
				132C30B69B01CBF527CDB660 /* Pods_MovieDB.framework */,
				B85D36AD6E3401947656E5B0 /* Pods_MovieDBTests.framework */,
			);
			name = Frameworks;
			sourceTree = "<group>";
		};
		3D036E0D24BF402E008F6BFA /* MovieList */ = {
			isa = PBXGroup;
			children = (
				3D036E0F24BF40D4008F6BFA /* MovieListViewController.swift */,
				3D036E1024BF40D4008F6BFA /* MovieListViewController.xib */,
			);
			path = MovieList;
			sourceTree = "<group>";
		};
		3D036E1324BF4151008F6BFA /* LaunchScreen */ = {
			isa = PBXGroup;
			children = (
				3D036E1424BF4167008F6BFA /* LaunchScreenViewController.swift */,
			);
			path = LaunchScreen;
			sourceTree = "<group>";
		};
		3D036E1624BF427D008F6BFA /* Launch */ = {
			isa = PBXGroup;
			children = (
				3D036E1724BF4498008F6BFA /* LaunchScreenCoordinator.swift */,
			);
			path = Launch;
			sourceTree = "<group>";
		};
		3D036E1924BF4596008F6BFA /* Storage */ = {
			isa = PBXGroup;
			children = (
				3D036E1B24BF45A8008F6BFA /* CoreData */,
			);
			path = Storage;
			sourceTree = "<group>";
		};
		3D036E1B24BF45A8008F6BFA /* CoreData */ = {
			isa = PBXGroup;
			children = (
				3DBE87A924BF49E800019EB1 /* Authentication */,
				3D036E1F24BF45E0008F6BFA /* MovieDB.xcdatamodeld */,
				3D036E2224BF4680008F6BFA /* MovieDBCoreData.swift */,
				3DBE87AA24BF4A9000019EB1 /* Entity.swift */,
			);
			path = CoreData;
			sourceTree = "<group>";
		};
		3D39E7AE24BB5BFC002147F4 /* Infrastructure */ = {
			isa = PBXGroup;
			children = (
				3D39E7AF24BB5C07002147F4 /* Network */,
			);
			path = Infrastructure;
			sourceTree = "<group>";
		};
		3D39E7AF24BB5C07002147F4 /* Network */ = {
			isa = PBXGroup;
			children = (
				3D39E7B024BB5C10002147F4 /* Mock */,
			);
			path = Network;
			sourceTree = "<group>";
		};
		3D39E7B024BB5C10002147F4 /* Mock */ = {
			isa = PBXGroup;
			children = (
				3D39E7B124BB5C4A002147F4 /* MockServiceConfig.swift */,
				3D39E7B324BB5E42002147F4 /* MockServiceRequest.swift */,
			);
			path = Mock;
			sourceTree = "<group>";
		};
		3D440F4824BB12C2006EC97A /* Network */ = {
			isa = PBXGroup;
			children = (
				3D440F4B24BB1302006EC97A /* APIEndpoints.swift */,
			);
			path = Network;
			sourceTree = "<group>";
		};
		3D4D80D624BD59320034971F /* Coordinator */ = {
			isa = PBXGroup;
			children = (
				3D4D80D724BD59470034971F /* Coordinator.swift */,
				3D4D80D924BD59950034971F /* BaseCoordinator.swift */,
				3D036E1624BF427D008F6BFA /* Launch */,
			);
			path = Coordinator;
			sourceTree = "<group>";
		};
		3D4D80DB24BD615D0034971F /* DI */ = {
			isa = PBXGroup;
			children = (
				3D4D80DD24BD61760034971F /* AppDIContainer.swift */,
				3D036E0B24BF3DC9008F6BFA /* MovieDIContainer.swift */,
			);
			path = DI;
			sourceTree = "<group>";
		};
		3D4D80DC24BD61650034971F /* Coordinator */ = {
			isa = PBXGroup;
			children = (
				3D4D80D424BD58FF0034971F /* AppFlowCoordinator.swift */,
			);
			path = Coordinator;
			sourceTree = "<group>";
		};
		3D4D80DF24BD630B0034971F /* Router */ = {
			isa = PBXGroup;
			children = (
				3D4D80E024BD63180034971F /* BaseRouter.swift */,
				3D4D80E224BD63310034971F /* Router.swift */,
			);
			path = Router;
			sourceTree = "<group>";
		};
		3DBBC10924B99CAB00E7C272 /* Application */ = {
			isa = PBXGroup;
			children = (
				5EABDA1823D7458E0035D450 /* AppDelegate.swift */,
				3DBBC14924B9BECE00E7C272 /* AppConfiguration.swift */,
				3D4D80DB24BD615D0034971F /* DI */,
				3D4D80DC24BD61650034971F /* Coordinator */,
			);
			path = Application;
			sourceTree = "<group>";
		};
		3DBBC10A24B99CB700E7C272 /* Domain */ = {
			isa = PBXGroup;
			children = (
				3DBE87AE24BF4D2600019EB1 /* Entity */,
			);
			path = Domain;
			sourceTree = "<group>";
		};
		3DBBC10B24B99CBE00E7C272 /* Presentation */ = {
			isa = PBXGroup;
			children = (
				3D036E1324BF4151008F6BFA /* LaunchScreen */,
				3D036E0D24BF402E008F6BFA /* MovieList */,
			);
			path = Presentation;
			sourceTree = "<group>";
		};
		3DBBC10C24B99CC300E7C272 /* Data */ = {
			isa = PBXGroup;
			children = (
				3D440F4824BB12C2006EC97A /* Network */,
				3D036E1924BF4596008F6BFA /* Storage */,
			);
			path = Data;
			sourceTree = "<group>";
		};
		3DBBC10D24B99CC700E7C272 /* Infrastructure */ = {
			isa = PBXGroup;
			children = (
				3DBBC14424B9A76A00E7C272 /* Network */,
			);
			path = Infrastructure;
			sourceTree = "<group>";
		};
		3DBBC10E24B99CE000E7C272 /* Resources */ = {
			isa = PBXGroup;
			children = (
				5EABDA1F23D745910035D450 /* Assets.xcassets */,
				5EABDA2123D745910035D450 /* LaunchScreen.storyboard */,
				3DBBC12624B9A34000E7C272 /* Localizable.strings */,
				5EABDA2423D745910035D450 /* Info.plist */,
			);
			name = Resources;
			sourceTree = "<group>";
		};
		3DBBC12D24B9A4C200E7C272 /* MovieDBTests */ = {
			isa = PBXGroup;
			children = (
				3D39E7AE24BB5BFC002147F4 /* Infrastructure */,
				3DBBC12E24B9A4C200E7C272 /* MovieDBTests.swift */,
				3DBBC13024B9A4C200E7C272 /* Info.plist */,
			);
			path = MovieDBTests;
			sourceTree = "<group>";
		};
		3DBBC13B24B9A4DD00E7C272 /* MovieDBUITests */ = {
			isa = PBXGroup;
			children = (
				3DBBC13C24B9A4DD00E7C272 /* MovieDBUITests.swift */,
				3DBBC13E24B9A4DD00E7C272 /* Info.plist */,
			);
			path = MovieDBUITests;
			sourceTree = "<group>";
		};
		3DBBC14424B9A76A00E7C272 /* Network */ = {
			isa = PBXGroup;
			children = (
				3DBBC14524B9A77800E7C272 /* ServiceManager.swift */,
				3D440F4624BAF160006EC97A /* ServiceResponse.swift */,
				3DBBC14724B9BA2800E7C272 /* ServiceSession.swift */,
				3DBBC14B24B9BF6100E7C272 /* ServiceConfig.swift */,
				3DBBC14D24B9D47800E7C272 /* ServiceError.swift */,
				3DBBC15124B9E88000E7C272 /* Endpoint.swift */,
			);
			path = Network;
			sourceTree = "<group>";
		};
		3DBE87A924BF49E800019EB1 /* Authentication */ = {
			isa = PBXGroup;
			children = (
				3DBE87AC24BF4C3F00019EB1 /* AuthenticationStorage.swift */,
				3DBE87B124BF535900019EB1 /* AuthenticationEntity.swift */,
			);
			path = Authentication;
			sourceTree = "<group>";
		};
		3DBE87AE24BF4D2600019EB1 /* Entity */ = {
			isa = PBXGroup;
			children = (
				3DBE87AF24BF4D3600019EB1 /* AuthenticationModel.swift */,
			);
			path = Entity;
			sourceTree = "<group>";
		};
		3DEF1F4A24BC5C1500B8BC65 /* Extension */ = {
			isa = PBXGroup;
			children = (
				3DEF1F4B24BC5C1500B8BC65 /* EncodableExtension.swift */,
				3DEF1F4C24BC5C1500B8BC65 /* DictionaryExtension.swift */,
			);
			path = Extension;
			sourceTree = "<group>";
		};
		5EABDA0C23D7458E0035D450 = {
			isa = PBXGroup;
			children = (
				5EABDA1723D7458E0035D450 /* MovieDB */,
				3DBBC12D24B9A4C200E7C272 /* MovieDBTests */,
				3DBBC13B24B9A4DD00E7C272 /* MovieDBUITests */,
				5EABDA1623D7458E0035D450 /* Products */,
				65948D530FDFCB7097601A38 /* Pods */,
				1CFC0DB666D3D33F0D0B9F4E /* Frameworks */,
			);
			sourceTree = "<group>";
		};
		5EABDA1623D7458E0035D450 /* Products */ = {
			isa = PBXGroup;
			children = (
				5EABDA1523D7458E0035D450 /* MovieDB.app */,
				3DBBC12C24B9A4C100E7C272 /* MovieDBTests.xctest */,
				3DBBC13A24B9A4DD00E7C272 /* MovieDBUITests.xctest */,
			);
			name = Products;
			sourceTree = "<group>";
		};
		5EABDA1723D7458E0035D450 /* MovieDB */ = {
			isa = PBXGroup;
			children = (
				3DBBC10924B99CAB00E7C272 /* Application */,
				3D4D80D624BD59320034971F /* Coordinator */,
				3D4D80DF24BD630B0034971F /* Router */,
				3DEF1F4A24BC5C1500B8BC65 /* Extension */,
				3DBBC10A24B99CB700E7C272 /* Domain */,
				3DBBC10B24B99CBE00E7C272 /* Presentation */,
				3DBBC10C24B99CC300E7C272 /* Data */,
				3DBBC10D24B99CC700E7C272 /* Infrastructure */,
				3DBBC10E24B99CE000E7C272 /* Resources */,
			);
			path = MovieDB;
			sourceTree = "<group>";
		};
		65948D530FDFCB7097601A38 /* Pods */ = {
			isa = PBXGroup;
			children = (
				F01B81CB5E22B1D989198ADF /* Pods-MovieDB.debug.xcconfig */,
				026EE33634C214256EC20A44 /* Pods-MovieDB.release.xcconfig */,
				28AAE7466348C2A314F14BB4 /* Pods-MovieDBTests.debug.xcconfig */,
				FB48B619E7BD6596BF7B206B /* Pods-MovieDBTests.release.xcconfig */,
			);
			path = Pods;
			sourceTree = "<group>";
		};
/* End PBXGroup section */

/* Begin PBXNativeTarget section */
		3DBBC12B24B9A4C100E7C272 /* MovieDBTests */ = {
			isa = PBXNativeTarget;
			buildConfigurationList = 3DBBC13524B9A4C200E7C272 /* Build configuration list for PBXNativeTarget "MovieDBTests" */;
			buildPhases = (
				F9992D97088416CAC358E8E1 /* [CP] Check Pods Manifest.lock */,
				3DBBC12824B9A4C100E7C272 /* Sources */,
				3DBBC12924B9A4C100E7C272 /* Frameworks */,
				3DBBC12A24B9A4C100E7C272 /* Resources */,
				6AC618C5C572FDBD377AD784 /* [CP] Embed Pods Frameworks */,
			);
			buildRules = (
			);
			dependencies = (
				3DBBC13224B9A4C200E7C272 /* PBXTargetDependency */,
			);
			name = MovieDBTests;
			productName = MovieDBTests;
			productReference = 3DBBC12C24B9A4C100E7C272 /* MovieDBTests.xctest */;
			productType = "com.apple.product-type.bundle.unit-test";
		};
		3DBBC13924B9A4DD00E7C272 /* MovieDBUITests */ = {
			isa = PBXNativeTarget;
			buildConfigurationList = 3DBBC14124B9A4DD00E7C272 /* Build configuration list for PBXNativeTarget "MovieDBUITests" */;
			buildPhases = (
				3DBBC13624B9A4DD00E7C272 /* Sources */,
				3DBBC13724B9A4DD00E7C272 /* Frameworks */,
				3DBBC13824B9A4DD00E7C272 /* Resources */,
			);
			buildRules = (
			);
			dependencies = (
				3DBBC14024B9A4DD00E7C272 /* PBXTargetDependency */,
			);
			name = MovieDBUITests;
			productName = MovieDBUITests;
			productReference = 3DBBC13A24B9A4DD00E7C272 /* MovieDBUITests.xctest */;
			productType = "com.apple.product-type.bundle.ui-testing";
		};
		5EABDA1423D7458E0035D450 /* MovieDB */ = {
			isa = PBXNativeTarget;
			buildConfigurationList = 5EABDA2723D745910035D450 /* Build configuration list for PBXNativeTarget "MovieDB" */;
			buildPhases = (
				7F95CFC5C991F5BB399A191B /* [CP] Check Pods Manifest.lock */,
				5EABDA1123D7458E0035D450 /* Sources */,
				5EABDA1223D7458E0035D450 /* Frameworks */,
				5EABDA1323D7458E0035D450 /* Resources */,
				4844F15C6D5793EBD3CCC6DE /* [CP] Embed Pods Frameworks */,
			);
			buildRules = (
			);
			dependencies = (
			);
			name = MovieDB;
			productName = MovieDB;
			productReference = 5EABDA1523D7458E0035D450 /* MovieDB.app */;
			productType = "com.apple.product-type.application";
		};
/* End PBXNativeTarget section */

/* Begin PBXProject section */
		5EABDA0D23D7458E0035D450 /* Project object */ = {
			isa = PBXProject;
			attributes = {
				LastSwiftUpdateCheck = 1150;
				LastUpgradeCheck = 1030;
				ORGANIZATIONNAME = William;
				TargetAttributes = {
					3DBBC12B24B9A4C100E7C272 = {
						CreatedOnToolsVersion = 11.5;
						TestTargetID = 5EABDA1423D7458E0035D450;
					};
					3DBBC13924B9A4DD00E7C272 = {
						CreatedOnToolsVersion = 11.5;
						TestTargetID = 5EABDA1423D7458E0035D450;
					};
					5EABDA1423D7458E0035D450 = {
						CreatedOnToolsVersion = 10.3;
					};
				};
			};
			buildConfigurationList = 5EABDA1023D7458E0035D450 /* Build configuration list for PBXProject "MovieDB" */;
			compatibilityVersion = "Xcode 9.3";
			developmentRegion = en;
			hasScannedForEncodings = 0;
			knownRegions = (
				en,
				Base,
				id,
			);
			mainGroup = 5EABDA0C23D7458E0035D450;
			productRefGroup = 5EABDA1623D7458E0035D450 /* Products */;
			projectDirPath = "";
			projectRoot = "";
			targets = (
				5EABDA1423D7458E0035D450 /* MovieDB */,
				3DBBC12B24B9A4C100E7C272 /* MovieDBTests */,
				3DBBC13924B9A4DD00E7C272 /* MovieDBUITests */,
			);
		};
/* End PBXProject section */

/* Begin PBXResourcesBuildPhase section */
		3DBBC12A24B9A4C100E7C272 /* Resources */ = {
			isa = PBXResourcesBuildPhase;
			buildActionMask = 2147483647;
			files = (
			);
			runOnlyForDeploymentPostprocessing = 0;
		};
		3DBBC13824B9A4DD00E7C272 /* Resources */ = {
			isa = PBXResourcesBuildPhase;
			buildActionMask = 2147483647;
			files = (
			);
			runOnlyForDeploymentPostprocessing = 0;
		};
		5EABDA1323D7458E0035D450 /* Resources */ = {
			isa = PBXResourcesBuildPhase;
			buildActionMask = 2147483647;
			files = (
				5EABDA2323D745910035D450 /* LaunchScreen.storyboard in Resources */,
				3DBBC12424B9A34000E7C272 /* Localizable.strings in Resources */,
				5EABDA2023D745910035D450 /* Assets.xcassets in Resources */,
				3D036E1224BF40D4008F6BFA /* MovieListViewController.xib in Resources */,
			);
			runOnlyForDeploymentPostprocessing = 0;
		};
/* End PBXResourcesBuildPhase section */

/* Begin PBXShellScriptBuildPhase section */
		4844F15C6D5793EBD3CCC6DE /* [CP] Embed Pods Frameworks */ = {
			isa = PBXShellScriptBuildPhase;
			buildActionMask = 2147483647;
			files = (
			);
			inputFileListPaths = (
				"${PODS_ROOT}/Target Support Files/Pods-MovieDB/Pods-MovieDB-frameworks-${CONFIGURATION}-input-files.xcfilelist",
			);
			name = "[CP] Embed Pods Frameworks";
			outputFileListPaths = (
				"${PODS_ROOT}/Target Support Files/Pods-MovieDB/Pods-MovieDB-frameworks-${CONFIGURATION}-output-files.xcfilelist",
			);
			runOnlyForDeploymentPostprocessing = 0;
			shellPath = /bin/sh;
			shellScript = "\"${PODS_ROOT}/Target Support Files/Pods-MovieDB/Pods-MovieDB-frameworks.sh\"\n";
			showEnvVarsInLog = 0;
		};
		6AC618C5C572FDBD377AD784 /* [CP] Embed Pods Frameworks */ = {
			isa = PBXShellScriptBuildPhase;
			buildActionMask = 2147483647;
			files = (
			);
			inputFileListPaths = (
				"${PODS_ROOT}/Target Support Files/Pods-MovieDBTests/Pods-MovieDBTests-frameworks-${CONFIGURATION}-input-files.xcfilelist",
			);
			name = "[CP] Embed Pods Frameworks";
			outputFileListPaths = (
				"${PODS_ROOT}/Target Support Files/Pods-MovieDBTests/Pods-MovieDBTests-frameworks-${CONFIGURATION}-output-files.xcfilelist",
			);
			runOnlyForDeploymentPostprocessing = 0;
			shellPath = /bin/sh;
			shellScript = "\"${PODS_ROOT}/Target Support Files/Pods-MovieDBTests/Pods-MovieDBTests-frameworks.sh\"\n";
			showEnvVarsInLog = 0;
		};
		7F95CFC5C991F5BB399A191B /* [CP] Check Pods Manifest.lock */ = {
			isa = PBXShellScriptBuildPhase;
			buildActionMask = 2147483647;
			files = (
			);
			inputFileListPaths = (
			);
			inputPaths = (
				"${PODS_PODFILE_DIR_PATH}/Podfile.lock",
				"${PODS_ROOT}/Manifest.lock",
			);
			name = "[CP] Check Pods Manifest.lock";
			outputFileListPaths = (
			);
			outputPaths = (
				"$(DERIVED_FILE_DIR)/Pods-MovieDB-checkManifestLockResult.txt",
			);
			runOnlyForDeploymentPostprocessing = 0;
			shellPath = /bin/sh;
			shellScript = "diff \"${PODS_PODFILE_DIR_PATH}/Podfile.lock\" \"${PODS_ROOT}/Manifest.lock\" > /dev/null\nif [ $? != 0 ] ; then\n    # print error to STDERR\n    echo \"error: The sandbox is not in sync with the Podfile.lock. Run 'pod install' or update your CocoaPods installation.\" >&2\n    exit 1\nfi\n# This output is used by Xcode 'outputs' to avoid re-running this script phase.\necho \"SUCCESS\" > \"${SCRIPT_OUTPUT_FILE_0}\"\n";
			showEnvVarsInLog = 0;
		};
		F9992D97088416CAC358E8E1 /* [CP] Check Pods Manifest.lock */ = {
			isa = PBXShellScriptBuildPhase;
			buildActionMask = 2147483647;
			files = (
			);
			inputFileListPaths = (
			);
			inputPaths = (
				"${PODS_PODFILE_DIR_PATH}/Podfile.lock",
				"${PODS_ROOT}/Manifest.lock",
			);
			name = "[CP] Check Pods Manifest.lock";
			outputFileListPaths = (
			);
			outputPaths = (
				"$(DERIVED_FILE_DIR)/Pods-MovieDBTests-checkManifestLockResult.txt",
			);
			runOnlyForDeploymentPostprocessing = 0;
			shellPath = /bin/sh;
			shellScript = "diff \"${PODS_PODFILE_DIR_PATH}/Podfile.lock\" \"${PODS_ROOT}/Manifest.lock\" > /dev/null\nif [ $? != 0 ] ; then\n    # print error to STDERR\n    echo \"error: The sandbox is not in sync with the Podfile.lock. Run 'pod install' or update your CocoaPods installation.\" >&2\n    exit 1\nfi\n# This output is used by Xcode 'outputs' to avoid re-running this script phase.\necho \"SUCCESS\" > \"${SCRIPT_OUTPUT_FILE_0}\"\n";
			showEnvVarsInLog = 0;
		};
/* End PBXShellScriptBuildPhase section */

/* Begin PBXSourcesBuildPhase section */
		3DBBC12824B9A4C100E7C272 /* Sources */ = {
			isa = PBXSourcesBuildPhase;
			buildActionMask = 2147483647;
			files = (
				3DBBC12F24B9A4C200E7C272 /* MovieDBTests.swift in Sources */,
				3D39E7B424BB5E42002147F4 /* MockServiceRequest.swift in Sources */,
				3D39E7B224BB5C4A002147F4 /* MockServiceConfig.swift in Sources */,
			);
			runOnlyForDeploymentPostprocessing = 0;
		};
		3DBBC13624B9A4DD00E7C272 /* Sources */ = {
			isa = PBXSourcesBuildPhase;
			buildActionMask = 2147483647;
			files = (
				3DBBC13D24B9A4DD00E7C272 /* MovieDBUITests.swift in Sources */,
			);
			runOnlyForDeploymentPostprocessing = 0;
		};
		5EABDA1123D7458E0035D450 /* Sources */ = {
			isa = PBXSourcesBuildPhase;
			buildActionMask = 2147483647;
			files = (
				3D036E1824BF4498008F6BFA /* LaunchScreenCoordinator.swift in Sources */,
				3DBE87B024BF4D3600019EB1 /* AuthenticationModel.swift in Sources */,
				3DBBC14E24B9D47800E7C272 /* ServiceError.swift in Sources */,
				3DBE87B224BF535900019EB1 /* AuthenticationEntity.swift in Sources */,
				3DBBC15224B9E88000E7C272 /* Endpoint.swift in Sources */,
				3D4D80DE24BD61760034971F /* AppDIContainer.swift in Sources */,
				3D4D80D824BD59470034971F /* Coordinator.swift in Sources */,
				3DBBC14C24B9BF6100E7C272 /* ServiceConfig.swift in Sources */,
				3DEF1F4D24BC5C1500B8BC65 /* EncodableExtension.swift in Sources */,
				3D4D80D524BD58FF0034971F /* AppFlowCoordinator.swift in Sources */,
				3D036E2124BF45E0008F6BFA /* MovieDB.xcdatamodeld in Sources */,
				3D4D80E124BD63180034971F /* BaseRouter.swift in Sources */,
				3D440F4C24BB1302006EC97A /* APIEndpoints.swift in Sources */,
				3DEF1F4E24BC5C1500B8BC65 /* DictionaryExtension.swift in Sources */,
				3D4D80E324BD63310034971F /* Router.swift in Sources */,
				3DBE87AD24BF4C3F00019EB1 /* AuthenticationStorage.swift in Sources */,
				3D036E1124BF40D4008F6BFA /* MovieListViewController.swift in Sources */,
				3D440F4724BAF160006EC97A /* ServiceResponse.swift in Sources */,
				5EABDA1923D7458E0035D450 /* AppDelegate.swift in Sources */,
				3D036E0C24BF3DC9008F6BFA /* MovieDIContainer.swift in Sources */,
				3DBBC14624B9A77800E7C272 /* ServiceManager.swift in Sources */,
				3D4D80DA24BD59950034971F /* BaseCoordinator.swift in Sources */,
				3DBBC14A24B9BECE00E7C272 /* AppConfiguration.swift in Sources */,
				3DBE87AB24BF4A9000019EB1 /* Entity.swift in Sources */,
				3D036E1524BF4167008F6BFA /* LaunchScreenViewController.swift in Sources */,
				3DBBC14824B9BA2800E7C272 /* ServiceSession.swift in Sources */,
				3D036E2324BF4680008F6BFA /* MovieDBCoreData.swift in Sources */,
			);
			runOnlyForDeploymentPostprocessing = 0;
		};
/* End PBXSourcesBuildPhase section */

/* Begin PBXTargetDependency section */
		3DBBC13224B9A4C200E7C272 /* PBXTargetDependency */ = {
			isa = PBXTargetDependency;
			target = 5EABDA1423D7458E0035D450 /* MovieDB */;
			targetProxy = 3DBBC13124B9A4C200E7C272 /* PBXContainerItemProxy */;
		};
		3DBBC14024B9A4DD00E7C272 /* PBXTargetDependency */ = {
			isa = PBXTargetDependency;
			target = 5EABDA1423D7458E0035D450 /* MovieDB */;
			targetProxy = 3DBBC13F24B9A4DD00E7C272 /* PBXContainerItemProxy */;
		};
/* End PBXTargetDependency section */

/* Begin PBXVariantGroup section */
		3DBBC12624B9A34000E7C272 /* Localizable.strings */ = {
			isa = PBXVariantGroup;
			children = (
				3DBBC12524B9A34000E7C272 /* en */,
				3DBBC12724B9A34100E7C272 /* id */,
			);
			name = Localizable.strings;
			sourceTree = "<group>";
		};
		5EABDA2123D745910035D450 /* LaunchScreen.storyboard */ = {
			isa = PBXVariantGroup;
			children = (
				5EABDA2223D745910035D450 /* Base */,
				3DBBC12124B9A2FE00E7C272 /* id */,
			);
			name = LaunchScreen.storyboard;
			sourceTree = "<group>";
		};
/* End PBXVariantGroup section */

/* Begin XCBuildConfiguration section */
		3DBBC13324B9A4C200E7C272 /* Debug */ = {
			isa = XCBuildConfiguration;
			baseConfigurationReference = 28AAE7466348C2A314F14BB4 /* Pods-MovieDBTests.debug.xcconfig */;
			buildSettings = {
				BUNDLE_LOADER = "$(TEST_HOST)";
				CODE_SIGN_STYLE = Automatic;
				DEVELOPMENT_TEAM = BY8P5XC76R;
				INFOPLIST_FILE = MovieDBTests/Info.plist;
				IPHONEOS_DEPLOYMENT_TARGET = 13.5;
				LD_RUNPATH_SEARCH_PATHS = (
					"$(inherited)",
					"@executable_path/Frameworks",
					"@loader_path/Frameworks",
				);
				PRODUCT_BUNDLE_IDENTIFIER = com.itmi.movieDBTests.MovieDBTests;
				PRODUCT_NAME = "$(TARGET_NAME)";
				SWIFT_VERSION = 5.0;
				TARGETED_DEVICE_FAMILY = "1,2";
				TEST_HOST = "$(BUILT_PRODUCTS_DIR)/MovieDB.app/MovieDB";
			};
			name = Debug;
		};
		3DBBC13424B9A4C200E7C272 /* Release */ = {
			isa = XCBuildConfiguration;
			baseConfigurationReference = FB48B619E7BD6596BF7B206B /* Pods-MovieDBTests.release.xcconfig */;
			buildSettings = {
				BUNDLE_LOADER = "$(TEST_HOST)";
				CODE_SIGN_STYLE = Automatic;
				DEVELOPMENT_TEAM = BY8P5XC76R;
				INFOPLIST_FILE = MovieDBTests/Info.plist;
				IPHONEOS_DEPLOYMENT_TARGET = 13.5;
				LD_RUNPATH_SEARCH_PATHS = (
					"$(inherited)",
					"@executable_path/Frameworks",
					"@loader_path/Frameworks",
				);
				PRODUCT_BUNDLE_IDENTIFIER = com.itmi.movieDBTests.MovieDBTests;
				PRODUCT_NAME = "$(TARGET_NAME)";
				SWIFT_VERSION = 5.0;
				TARGETED_DEVICE_FAMILY = "1,2";
				TEST_HOST = "$(BUILT_PRODUCTS_DIR)/MovieDB.app/MovieDB";
			};
			name = Release;
		};
		3DBBC14224B9A4DD00E7C272 /* Debug */ = {
			isa = XCBuildConfiguration;
			buildSettings = {
				CODE_SIGN_STYLE = Automatic;
				DEVELOPMENT_TEAM = BY8P5XC76R;
				INFOPLIST_FILE = MovieDBUITests/Info.plist;
				IPHONEOS_DEPLOYMENT_TARGET = 13.5;
				LD_RUNPATH_SEARCH_PATHS = (
					"$(inherited)",
					"@executable_path/Frameworks",
					"@loader_path/Frameworks",
				);
				PRODUCT_BUNDLE_IDENTIFIER = com.itmi.movieDBTests.MovieDBUITests;
				PRODUCT_NAME = "$(TARGET_NAME)";
				SWIFT_VERSION = 5.0;
				TARGETED_DEVICE_FAMILY = "1,2";
				TEST_TARGET_NAME = MovieDB;
			};
			name = Debug;
		};
		3DBBC14324B9A4DD00E7C272 /* Release */ = {
			isa = XCBuildConfiguration;
			buildSettings = {
				CODE_SIGN_STYLE = Automatic;
				DEVELOPMENT_TEAM = BY8P5XC76R;
				INFOPLIST_FILE = MovieDBUITests/Info.plist;
				IPHONEOS_DEPLOYMENT_TARGET = 13.5;
				LD_RUNPATH_SEARCH_PATHS = (
					"$(inherited)",
					"@executable_path/Frameworks",
					"@loader_path/Frameworks",
				);
				PRODUCT_BUNDLE_IDENTIFIER = com.itmi.movieDBTests.MovieDBUITests;
				PRODUCT_NAME = "$(TARGET_NAME)";
				SWIFT_VERSION = 5.0;
				TARGETED_DEVICE_FAMILY = "1,2";
				TEST_TARGET_NAME = MovieDB;
			};
			name = Release;
		};
		5EABDA2523D745910035D450 /* Debug */ = {
			isa = XCBuildConfiguration;
			buildSettings = {
				ALWAYS_SEARCH_USER_PATHS = NO;
				CLANG_ANALYZER_LOCALIZABILITY_NONLOCALIZED = YES;
				CLANG_ANALYZER_NONNULL = YES;
				CLANG_ANALYZER_NUMBER_OBJECT_CONVERSION = YES_AGGRESSIVE;
				CLANG_CXX_LANGUAGE_STANDARD = "gnu++14";
				CLANG_CXX_LIBRARY = "libc++";
				CLANG_ENABLE_MODULES = YES;
				CLANG_ENABLE_OBJC_ARC = YES;
				CLANG_ENABLE_OBJC_WEAK = YES;
				CLANG_WARN_BLOCK_CAPTURE_AUTORELEASING = YES;
				CLANG_WARN_BOOL_CONVERSION = YES;
				CLANG_WARN_COMMA = YES;
				CLANG_WARN_CONSTANT_CONVERSION = YES;
				CLANG_WARN_DEPRECATED_OBJC_IMPLEMENTATIONS = YES;
				CLANG_WARN_DIRECT_OBJC_ISA_USAGE = YES_ERROR;
				CLANG_WARN_DOCUMENTATION_COMMENTS = YES;
				CLANG_WARN_EMPTY_BODY = YES;
				CLANG_WARN_ENUM_CONVERSION = YES;
				CLANG_WARN_INFINITE_RECURSION = YES;
				CLANG_WARN_INT_CONVERSION = YES;
				CLANG_WARN_NON_LITERAL_NULL_CONVERSION = YES;
				CLANG_WARN_OBJC_IMPLICIT_RETAIN_SELF = YES;
				CLANG_WARN_OBJC_LITERAL_CONVERSION = YES;
				CLANG_WARN_OBJC_ROOT_CLASS = YES_ERROR;
				CLANG_WARN_RANGE_LOOP_ANALYSIS = YES;
				CLANG_WARN_STRICT_PROTOTYPES = YES;
				CLANG_WARN_SUSPICIOUS_MOVE = YES;
				CLANG_WARN_UNGUARDED_AVAILABILITY = YES_AGGRESSIVE;
				CLANG_WARN_UNREACHABLE_CODE = YES;
				CLANG_WARN__DUPLICATE_METHOD_MATCH = YES;
				CODE_SIGN_IDENTITY = "iPhone Developer";
				COPY_PHASE_STRIP = NO;
				DEBUG_INFORMATION_FORMAT = dwarf;
				ENABLE_STRICT_OBJC_MSGSEND = YES;
				ENABLE_TESTABILITY = YES;
				GCC_C_LANGUAGE_STANDARD = gnu11;
				GCC_DYNAMIC_NO_PIC = NO;
				GCC_NO_COMMON_BLOCKS = YES;
				GCC_OPTIMIZATION_LEVEL = 0;
				GCC_PREPROCESSOR_DEFINITIONS = (
					"DEBUG=1",
					"$(inherited)",
				);
				GCC_WARN_64_TO_32_BIT_CONVERSION = YES;
				GCC_WARN_ABOUT_RETURN_TYPE = YES_ERROR;
				GCC_WARN_UNDECLARED_SELECTOR = YES;
				GCC_WARN_UNINITIALIZED_AUTOS = YES_AGGRESSIVE;
				GCC_WARN_UNUSED_FUNCTION = YES;
				GCC_WARN_UNUSED_VARIABLE = YES;
				IPHONEOS_DEPLOYMENT_TARGET = 12.4;
				MTL_ENABLE_DEBUG_INFO = INCLUDE_SOURCE;
				MTL_FAST_MATH = YES;
				ONLY_ACTIVE_ARCH = YES;
				SDKROOT = iphoneos;
				SWIFT_ACTIVE_COMPILATION_CONDITIONS = DEBUG;
				SWIFT_OPTIMIZATION_LEVEL = "-Onone";
			};
			name = Debug;
		};
		5EABDA2623D745910035D450 /* Release */ = {
			isa = XCBuildConfiguration;
			buildSettings = {
				ALWAYS_SEARCH_USER_PATHS = NO;
				CLANG_ANALYZER_LOCALIZABILITY_NONLOCALIZED = YES;
				CLANG_ANALYZER_NONNULL = YES;
				CLANG_ANALYZER_NUMBER_OBJECT_CONVERSION = YES_AGGRESSIVE;
				CLANG_CXX_LANGUAGE_STANDARD = "gnu++14";
				CLANG_CXX_LIBRARY = "libc++";
				CLANG_ENABLE_MODULES = YES;
				CLANG_ENABLE_OBJC_ARC = YES;
				CLANG_ENABLE_OBJC_WEAK = YES;
				CLANG_WARN_BLOCK_CAPTURE_AUTORELEASING = YES;
				CLANG_WARN_BOOL_CONVERSION = YES;
				CLANG_WARN_COMMA = YES;
				CLANG_WARN_CONSTANT_CONVERSION = YES;
				CLANG_WARN_DEPRECATED_OBJC_IMPLEMENTATIONS = YES;
				CLANG_WARN_DIRECT_OBJC_ISA_USAGE = YES_ERROR;
				CLANG_WARN_DOCUMENTATION_COMMENTS = YES;
				CLANG_WARN_EMPTY_BODY = YES;
				CLANG_WARN_ENUM_CONVERSION = YES;
				CLANG_WARN_INFINITE_RECURSION = YES;
				CLANG_WARN_INT_CONVERSION = YES;
				CLANG_WARN_NON_LITERAL_NULL_CONVERSION = YES;
				CLANG_WARN_OBJC_IMPLICIT_RETAIN_SELF = YES;
				CLANG_WARN_OBJC_LITERAL_CONVERSION = YES;
				CLANG_WARN_OBJC_ROOT_CLASS = YES_ERROR;
				CLANG_WARN_RANGE_LOOP_ANALYSIS = YES;
				CLANG_WARN_STRICT_PROTOTYPES = YES;
				CLANG_WARN_SUSPICIOUS_MOVE = YES;
				CLANG_WARN_UNGUARDED_AVAILABILITY = YES_AGGRESSIVE;
				CLANG_WARN_UNREACHABLE_CODE = YES;
				CLANG_WARN__DUPLICATE_METHOD_MATCH = YES;
				CODE_SIGN_IDENTITY = "iPhone Developer";
				COPY_PHASE_STRIP = NO;
				DEBUG_INFORMATION_FORMAT = "dwarf-with-dsym";
				ENABLE_NS_ASSERTIONS = NO;
				ENABLE_STRICT_OBJC_MSGSEND = YES;
				GCC_C_LANGUAGE_STANDARD = gnu11;
				GCC_NO_COMMON_BLOCKS = YES;
				GCC_WARN_64_TO_32_BIT_CONVERSION = YES;
				GCC_WARN_ABOUT_RETURN_TYPE = YES_ERROR;
				GCC_WARN_UNDECLARED_SELECTOR = YES;
				GCC_WARN_UNINITIALIZED_AUTOS = YES_AGGRESSIVE;
				GCC_WARN_UNUSED_FUNCTION = YES;
				GCC_WARN_UNUSED_VARIABLE = YES;
				IPHONEOS_DEPLOYMENT_TARGET = 12.4;
				MTL_ENABLE_DEBUG_INFO = NO;
				MTL_FAST_MATH = YES;
				SDKROOT = iphoneos;
				SWIFT_COMPILATION_MODE = wholemodule;
				SWIFT_OPTIMIZATION_LEVEL = "-O";
				VALIDATE_PRODUCT = YES;
			};
			name = Release;
		};
		5EABDA2823D745910035D450 /* Debug */ = {
			isa = XCBuildConfiguration;
			baseConfigurationReference = F01B81CB5E22B1D989198ADF /* Pods-MovieDB.debug.xcconfig */;
			buildSettings = {
				API_BASE_URL = "http://api.themoviedb.org";
				API_KEY = 0340dd96e32f995c600b8deb3dffbfb4;
				ASSETCATALOG_COMPILER_APPICON_NAME = AppIcon;
				CODE_SIGN_STYLE = Automatic;
				DEVELOPMENT_TEAM = BY8P5XC76R;
				IMAGE_BASE_URL = "http://image.tmdb.org";
				INFOPLIST_FILE = MovieDB/Info.plist;
				IPHONEOS_DEPLOYMENT_TARGET = 10.0;
				LD_RUNPATH_SEARCH_PATHS = (
					"$(inherited)",
					"@executable_path/Frameworks",
				);
				PRODUCT_BUNDLE_IDENTIFIER = william.sample.movieDB;
				PRODUCT_NAME = "$(TARGET_NAME)";
				SWIFT_VERSION = 5.0;
				TARGETED_DEVICE_FAMILY = "1,2";
			};
			name = Debug;
		};
		5EABDA2923D745910035D450 /* Release */ = {
			isa = XCBuildConfiguration;
			baseConfigurationReference = 026EE33634C214256EC20A44 /* Pods-MovieDB.release.xcconfig */;
			buildSettings = {
				API_BASE_URL = "http://api.themoviedb.org";
				API_KEY = 0340dd96e32f995c600b8deb3dffbfb4;
				ASSETCATALOG_COMPILER_APPICON_NAME = AppIcon;
				CODE_SIGN_STYLE = Automatic;
				DEVELOPMENT_TEAM = BY8P5XC76R;
				IMAGE_BASE_URL = "http://image.tmdb.org";
				INFOPLIST_FILE = MovieDB/Info.plist;
				IPHONEOS_DEPLOYMENT_TARGET = 10.0;
				LD_RUNPATH_SEARCH_PATHS = (
					"$(inherited)",
					"@executable_path/Frameworks",
				);
				PRODUCT_BUNDLE_IDENTIFIER = william.sample.movieDB;
				PRODUCT_NAME = "$(TARGET_NAME)";
				SWIFT_VERSION = 5.0;
				TARGETED_DEVICE_FAMILY = "1,2";
			};
			name = Release;
		};
/* End XCBuildConfiguration section */

/* Begin XCConfigurationList section */
		3DBBC13524B9A4C200E7C272 /* Build configuration list for PBXNativeTarget "MovieDBTests" */ = {
			isa = XCConfigurationList;
			buildConfigurations = (
				3DBBC13324B9A4C200E7C272 /* Debug */,
				3DBBC13424B9A4C200E7C272 /* Release */,
			);
			defaultConfigurationIsVisible = 0;
			defaultConfigurationName = Release;
		};
		3DBBC14124B9A4DD00E7C272 /* Build configuration list for PBXNativeTarget "MovieDBUITests" */ = {
			isa = XCConfigurationList;
			buildConfigurations = (
				3DBBC14224B9A4DD00E7C272 /* Debug */,
				3DBBC14324B9A4DD00E7C272 /* Release */,
			);
			defaultConfigurationIsVisible = 0;
			defaultConfigurationName = Release;
		};
		5EABDA1023D7458E0035D450 /* Build configuration list for PBXProject "MovieDB" */ = {
			isa = XCConfigurationList;
			buildConfigurations = (
				5EABDA2523D745910035D450 /* Debug */,
				5EABDA2623D745910035D450 /* Release */,
			);
			defaultConfigurationIsVisible = 0;
			defaultConfigurationName = Release;
		};
		5EABDA2723D745910035D450 /* Build configuration list for PBXNativeTarget "MovieDB" */ = {
			isa = XCConfigurationList;
			buildConfigurations = (
				5EABDA2823D745910035D450 /* Debug */,
				5EABDA2923D745910035D450 /* Release */,
			);
			defaultConfigurationIsVisible = 0;
			defaultConfigurationName = Release;
		};
/* End XCConfigurationList section */

/* Begin XCVersionGroup section */
		3D036E1F24BF45E0008F6BFA /* MovieDB.xcdatamodeld */ = {
			isa = XCVersionGroup;
			children = (
				3D036E2024BF45E0008F6BFA /* MovieDB.xcdatamodel */,
			);
			currentVersion = 3D036E2024BF45E0008F6BFA /* MovieDB.xcdatamodel */;
			path = MovieDB.xcdatamodeld;
			sourceTree = "<group>";
			versionGroupType = wrapper.xcdatamodel;
		};
/* End XCVersionGroup section */
	};
	rootObject = 5EABDA0D23D7458E0035D450 /* Project object */;
}
